// !$*UTF8*$!
{
	archiveVersion = 1;
	classes = {
	};
	objectVersion = 46;
	objects = {

/* Begin PBXBuildFile section */
		D311930A14E23C2600B659B3 /* PlanetDemo.m in Sources */ = {isa = PBXBuildFile; fileRef = D311930914E23C2600B659B3 /* PlanetDemo.m */; };
		D311930F14E258A400B659B3 /* PyramidStackDemo.m in Sources */ = {isa = PBXBuildFile; fileRef = D311930E14E258A400B659B3 /* PyramidStackDemo.m */; };
		D311931114E258B200B659B3 /* PyramidToppleDemo.m in Sources */ = {isa = PBXBuildFile; fileRef = D311931014E258B200B659B3 /* PyramidToppleDemo.m */; };
		D311931314E25F7800B659B3 /* TheoJansenDemo.m in Sources */ = {isa = PBXBuildFile; fileRef = D311931214E25F7700B659B3 /* TheoJansenDemo.m */; };
		D325DB3C1491970D00F1B411 /* QuartzCore.framework in Frameworks */ = {isa = PBXBuildFile; fileRef = D325DB3B1491970D00F1B411 /* QuartzCore.framework */; };
		D3582DF11490899400AB0C37 /* Accelerometer.m in Sources */ = {isa = PBXBuildFile; fileRef = D3582DF01490899400AB0C37 /* Accelerometer.m */; };
		D358DFB814929B9A00D2EE0D /* ViewController_iPad.xib in Resources */ = {isa = PBXBuildFile; fileRef = D358DFB714929B9A00D2EE0D /* ViewController_iPad.xib */; };
		D359FB281495E103001147A9 /* LogoSmashDemo.m in Resources */ = {isa = PBXBuildFile; fileRef = D359FB271495E103001147A9 /* LogoSmashDemo.m */; };
		D396EC441495E52000B94838 /* LogoSmashDemo.m in Sources */ = {isa = PBXBuildFile; fileRef = D359FB271495E103001147A9 /* LogoSmashDemo.m */; };
		D396EC471495F6C500B94838 /* MultiGrabDemo.m in Sources */ = {isa = PBXBuildFile; fileRef = D396EC461495F6C500B94838 /* MultiGrabDemo.m */; };
		D3C10FBB1490944000F00AAE /* ShowcaseDemo.m in Sources */ = {isa = PBXBuildFile; fileRef = D3C10FBA1490944000F00AAE /* ShowcaseDemo.m */; };
		D3C10FD31490ADCE00F00AAE /* PlinkDemo.m in Sources */ = {isa = PBXBuildFile; fileRef = D3C10FD21490ADCE00F00AAE /* PlinkDemo.m */; };
		D3C4358F1490B15800875EA3 /* TumbleDemo.m in Sources */ = {isa = PBXBuildFile; fileRef = D3C4358E1490B15800875EA3 /* TumbleDemo.m */; };
		D3C435951490C24300875EA3 /* BouncyTerrainDemo.m in Sources */ = {isa = PBXBuildFile; fileRef = D3C435941490C24300875EA3 /* BouncyTerrainDemo.m */; };
		D3D9E9C014966CC9000E439D /* libChipmunkPro-iPhone.a in Frameworks */ = {isa = PBXBuildFile; fileRef = D3D9E9BE14966CC9000E439D /* libChipmunkPro-iPhone.a */; };
		D3FB395B148F353600E0BA9E /* UIKit.framework in Frameworks */ = {isa = PBXBuildFile; fileRef = D3FB395A148F353600E0BA9E /* UIKit.framework */; };
		D3FB395D148F353600E0BA9E /* Foundation.framework in Frameworks */ = {isa = PBXBuildFile; fileRef = D3FB395C148F353600E0BA9E /* Foundation.framework */; };
		D3FB395F148F353600E0BA9E /* CoreGraphics.framework in Frameworks */ = {isa = PBXBuildFile; fileRef = D3FB395E148F353600E0BA9E /* CoreGraphics.framework */; };
		D3FB3961148F353600E0BA9E /* GLKit.framework in Frameworks */ = {isa = PBXBuildFile; fileRef = D3FB3960148F353600E0BA9E /* GLKit.framework */; };
		D3FB3963148F353600E0BA9E /* OpenGLES.framework in Frameworks */ = {isa = PBXBuildFile; fileRef = D3FB3962148F353600E0BA9E /* OpenGLES.framework */; };
		D3FB3969148F353600E0BA9E /* InfoPlist.strings in Resources */ = {isa = PBXBuildFile; fileRef = D3FB3967148F353600E0BA9E /* InfoPlist.strings */; };
		D3FB396B148F353600E0BA9E /* main.m in Sources */ = {isa = PBXBuildFile; fileRef = D3FB396A148F353600E0BA9E /* main.m */; };
		D3FB396F148F353600E0BA9E /* AppDelegate.m in Sources */ = {isa = PBXBuildFile; fileRef = D3FB396E148F353600E0BA9E /* AppDelegate.m */; };
		D3FB3971148F353600E0BA9E /* AntialiasedShader.fsh in Resources */ = {isa = PBXBuildFile; fileRef = D3FB3970148F353600E0BA9E /* AntialiasedShader.fsh */; };
		D3FB3973148F353600E0BA9E /* AntialiasedShader.vsh in Resources */ = {isa = PBXBuildFile; fileRef = D3FB3972148F353600E0BA9E /* AntialiasedShader.vsh */; };
		D3FB3976148F353600E0BA9E /* ViewController.m in Sources */ = {isa = PBXBuildFile; fileRef = D3FB3975148F353600E0BA9E /* ViewController.m */; };
		D3FB3979148F353600E0BA9E /* ViewController_iPhone.xib in Resources */ = {isa = PBXBuildFile; fileRef = D3FB3977148F353600E0BA9E /* ViewController_iPhone.xib */; };
		D3FB39C31490083400E0BA9E /* PolyRenderer.m in Sources */ = {isa = PBXBuildFile; fileRef = D3FB39C21490083400E0BA9E /* PolyRenderer.m */; };
		D3FB39C6149008BC00E0BA9E /* PolyInstance.m in Sources */ = {isa = PBXBuildFile; fileRef = D3FB39C5149008BC00E0BA9E /* PolyInstance.m */; };
/* End PBXBuildFile section */

/* Begin PBXFileReference section */
		D311930914E23C2600B659B3 /* PlanetDemo.m */ = {isa = PBXFileReference; fileEncoding = 4; lastKnownFileType = sourcecode.c.objc; path = PlanetDemo.m; sourceTree = "<group>"; };
		D311930E14E258A400B659B3 /* PyramidStackDemo.m */ = {isa = PBXFileReference; fileEncoding = 4; lastKnownFileType = sourcecode.c.objc; path = PyramidStackDemo.m; sourceTree = "<group>"; };
		D311931014E258B200B659B3 /* PyramidToppleDemo.m */ = {isa = PBXFileReference; fileEncoding = 4; lastKnownFileType = sourcecode.c.objc; path = PyramidToppleDemo.m; sourceTree = "<group>"; };
		D311931214E25F7700B659B3 /* TheoJansenDemo.m */ = {isa = PBXFileReference; fileEncoding = 4; lastKnownFileType = sourcecode.c.objc; path = TheoJansenDemo.m; sourceTree = "<group>"; };
		D325DB3B1491970D00F1B411 /* QuartzCore.framework */ = {isa = PBXFileReference; lastKnownFileType = wrapper.framework; name = QuartzCore.framework; path = System/Library/Frameworks/QuartzCore.framework; sourceTree = SDKROOT; };
		D3582DEF1490899400AB0C37 /* Accelerometer.h */ = {isa = PBXFileReference; fileEncoding = 4; lastKnownFileType = sourcecode.c.h; path = Accelerometer.h; sourceTree = "<group>"; };
		D3582DF01490899400AB0C37 /* Accelerometer.m */ = {isa = PBXFileReference; fileEncoding = 4; lastKnownFileType = sourcecode.c.objc; path = Accelerometer.m; sourceTree = "<group>"; };
		D358DFB714929B9A00D2EE0D /* ViewController_iPad.xib */ = {isa = PBXFileReference; fileEncoding = 4; lastKnownFileType = file.xib; path = ViewController_iPad.xib; sourceTree = "<group>"; };
		D359FB271495E103001147A9 /* LogoSmashDemo.m */ = {isa = PBXFileReference; fileEncoding = 4; lastKnownFileType = sourcecode.c.objc; path = LogoSmashDemo.m; sourceTree = "<group>"; };
		D396EC461495F6C500B94838 /* MultiGrabDemo.m */ = {isa = PBXFileReference; fileEncoding = 4; lastKnownFileType = sourcecode.c.objc; path = MultiGrabDemo.m; sourceTree = "<group>"; };
		D3C10FB91490944000F00AAE /* ShowcaseDemo.h */ = {isa = PBXFileReference; fileEncoding = 4; lastKnownFileType = sourcecode.c.h; path = ShowcaseDemo.h; sourceTree = "<group>"; };
		D3C10FBA1490944000F00AAE /* ShowcaseDemo.m */ = {isa = PBXFileReference; fileEncoding = 4; lastKnownFileType = sourcecode.c.objc; path = ShowcaseDemo.m; sourceTree = "<group>"; };
		D3C10FD21490ADCE00F00AAE /* PlinkDemo.m */ = {isa = PBXFileReference; fileEncoding = 4; lastKnownFileType = sourcecode.c.objc; path = PlinkDemo.m; sourceTree = "<group>"; };
		D3C4358E1490B15800875EA3 /* TumbleDemo.m */ = {isa = PBXFileReference; fileEncoding = 4; lastKnownFileType = sourcecode.c.objc; path = TumbleDemo.m; sourceTree = "<group>"; };
		D3C435941490C24300875EA3 /* BouncyTerrainDemo.m */ = {isa = PBXFileReference; fileEncoding = 4; lastKnownFileType = sourcecode.c.objc; path = BouncyTerrainDemo.m; sourceTree = "<group>"; };
		D3D9E99514966CC9000E439D /* chipmunk.h */ = {isa = PBXFileReference; fileEncoding = 4; lastKnownFileType = sourcecode.c.h; path = chipmunk.h; sourceTree = "<group>"; };
		D3D9E99614966CC9000E439D /* chipmunk_ffi.h */ = {isa = PBXFileReference; fileEncoding = 4; lastKnownFileType = sourcecode.c.h; path = chipmunk_ffi.h; sourceTree = "<group>"; };
		D3D9E99714966CC9000E439D /* chipmunk_private.h */ = {isa = PBXFileReference; fileEncoding = 4; lastKnownFileType = sourcecode.c.h; path = chipmunk_private.h; sourceTree = "<group>"; };
		D3D9E99814966CC9000E439D /* chipmunk_types.h */ = {isa = PBXFileReference; fileEncoding = 4; lastKnownFileType = sourcecode.c.h; path = chipmunk_types.h; sourceTree = "<group>"; };
		D3D9E99914966CC9000E439D /* chipmunk_unsafe.h */ = {isa = PBXFileReference; fileEncoding = 4; lastKnownFileType = sourcecode.c.h; path = chipmunk_unsafe.h; sourceTree = "<group>"; };
		D3D9E99B14966CC9000E439D /* cpConstraint.h */ = {isa = PBXFileReference; fileEncoding = 4; lastKnownFileType = sourcecode.c.h; path = cpConstraint.h; sourceTree = "<group>"; };
		D3D9E99C14966CC9000E439D /* cpDampedRotarySpring.h */ = {isa = PBXFileReference; fileEncoding = 4; lastKnownFileType = sourcecode.c.h; path = cpDampedRotarySpring.h; sourceTree = "<group>"; };
		D3D9E99D14966CC9000E439D /* cpDampedSpring.h */ = {isa = PBXFileReference; fileEncoding = 4; lastKnownFileType = sourcecode.c.h; path = cpDampedSpring.h; sourceTree = "<group>"; };
		D3D9E99E14966CC9000E439D /* cpGearJoint.h */ = {isa = PBXFileReference; fileEncoding = 4; lastKnownFileType = sourcecode.c.h; path = cpGearJoint.h; sourceTree = "<group>"; };
		D3D9E99F14966CC9000E439D /* cpGrooveJoint.h */ = {isa = PBXFileReference; fileEncoding = 4; lastKnownFileType = sourcecode.c.h; path = cpGrooveJoint.h; sourceTree = "<group>"; };
		D3D9E9A014966CC9000E439D /* cpPinJoint.h */ = {isa = PBXFileReference; fileEncoding = 4; lastKnownFileType = sourcecode.c.h; path = cpPinJoint.h; sourceTree = "<group>"; };
		D3D9E9A114966CC9000E439D /* cpPivotJoint.h */ = {isa = PBXFileReference; fileEncoding = 4; lastKnownFileType = sourcecode.c.h; path = cpPivotJoint.h; sourceTree = "<group>"; };
		D3D9E9A214966CC9000E439D /* cpRatchetJoint.h */ = {isa = PBXFileReference; fileEncoding = 4; lastKnownFileType = sourcecode.c.h; path = cpRatchetJoint.h; sourceTree = "<group>"; };
		D3D9E9A314966CC9000E439D /* cpRotaryLimitJoint.h */ = {isa = PBXFileReference; fileEncoding = 4; lastKnownFileType = sourcecode.c.h; path = cpRotaryLimitJoint.h; sourceTree = "<group>"; };
		D3D9E9A414966CC9000E439D /* cpSimpleMotor.h */ = {isa = PBXFileReference; fileEncoding = 4; lastKnownFileType = sourcecode.c.h; path = cpSimpleMotor.h; sourceTree = "<group>"; };
		D3D9E9A514966CC9000E439D /* cpSlideJoint.h */ = {isa = PBXFileReference; fileEncoding = 4; lastKnownFileType = sourcecode.c.h; path = cpSlideJoint.h; sourceTree = "<group>"; };
		D3D9E9A614966CC9000E439D /* util.h */ = {isa = PBXFileReference; fileEncoding = 4; lastKnownFileType = sourcecode.c.h; path = util.h; sourceTree = "<group>"; };
		D3D9E9A714966CC9000E439D /* cpArbiter.h */ = {isa = PBXFileReference; fileEncoding = 4; lastKnownFileType = sourcecode.c.h; path = cpArbiter.h; sourceTree = "<group>"; };
		D3D9E9A814966CC9000E439D /* cpBB.h */ = {isa = PBXFileReference; fileEncoding = 4; lastKnownFileType = sourcecode.c.h; path = cpBB.h; sourceTree = "<group>"; };
		D3D9E9A914966CC9000E439D /* cpBody.h */ = {isa = PBXFileReference; fileEncoding = 4; lastKnownFileType = sourcecode.c.h; path = cpBody.h; sourceTree = "<group>"; };
		D3D9E9AA14966CC9000E439D /* cpPolyShape.h */ = {isa = PBXFileReference; fileEncoding = 4; lastKnownFileType = sourcecode.c.h; path = cpPolyShape.h; sourceTree = "<group>"; };
		D3D9E9AB14966CC9000E439D /* cpShape.h */ = {isa = PBXFileReference; fileEncoding = 4; lastKnownFileType = sourcecode.c.h; path = cpShape.h; sourceTree = "<group>"; };
		D3D9E9AC14966CC9000E439D /* cpSpace.h */ = {isa = PBXFileReference; fileEncoding = 4; lastKnownFileType = sourcecode.c.h; path = cpSpace.h; sourceTree = "<group>"; };
		D3D9E9AD14966CC9000E439D /* cpSpatialIndex.h */ = {isa = PBXFileReference; fileEncoding = 4; lastKnownFileType = sourcecode.c.h; path = cpSpatialIndex.h; sourceTree = "<group>"; };
		D3D9E9AE14966CC9000E439D /* cpVect.h */ = {isa = PBXFileReference; fileEncoding = 4; lastKnownFileType = sourcecode.c.h; path = cpVect.h; sourceTree = "<group>"; };
		D3D9E9AF14966CC9000E439D /* ChipmunkAutoGeometry.h */ = {isa = PBXFileReference; fileEncoding = 4; lastKnownFileType = sourcecode.c.h; path = ChipmunkAutoGeometry.h; sourceTree = "<group>"; };
		D3D9E9B014966CC9000E439D /* ChipmunkBody.h */ = {isa = PBXFileReference; fileEncoding = 4; lastKnownFileType = sourcecode.c.h; path = ChipmunkBody.h; sourceTree = "<group>"; };
		D3D9E9B114966CC9000E439D /* ChipmunkConstraint.h */ = {isa = PBXFileReference; fileEncoding = 4; lastKnownFileType = sourcecode.c.h; path = ChipmunkConstraint.h; sourceTree = "<group>"; };
		D3D9E9B214966CC9000E439D /* ChipmunkExtras.h */ = {isa = PBXFileReference; fileEncoding = 4; lastKnownFileType = sourcecode.c.h; path = ChipmunkExtras.h; sourceTree = "<group>"; };
		D3D9E9B314966CC9000E439D /* ChipmunkHastySpace.h */ = {isa = PBXFileReference; fileEncoding = 4; lastKnownFileType = sourcecode.c.h; path = ChipmunkHastySpace.h; sourceTree = "<group>"; };
		D3D9E9B414966CC9000E439D /* ChipmunkImageSampler.h */ = {isa = PBXFileReference; fileEncoding = 4; lastKnownFileType = sourcecode.c.h; path = ChipmunkImageSampler.h; sourceTree = "<group>"; };
		D3D9E9B514966CC9000E439D /* ChipmunkMultiGrab.h */ = {isa = PBXFileReference; fileEncoding = 4; lastKnownFileType = sourcecode.c.h; path = ChipmunkMultiGrab.h; sourceTree = "<group>"; };
		D3D9E9B614966CC9000E439D /* ChipmunkObject.h */ = {isa = PBXFileReference; fileEncoding = 4; lastKnownFileType = sourcecode.c.h; path = ChipmunkObject.h; sourceTree = "<group>"; };
		D3D9E9B714966CC9000E439D /* ChipmunkPointCloudSampler.h */ = {isa = PBXFileReference; fileEncoding = 4; lastKnownFileType = sourcecode.c.h; path = ChipmunkPointCloudSampler.h; sourceTree = "<group>"; };
		D3D9E9B814966CC9000E439D /* ChipmunkShape.h */ = {isa = PBXFileReference; fileEncoding = 4; lastKnownFileType = sourcecode.c.h; path = ChipmunkShape.h; sourceTree = "<group>"; };
		D3D9E9B914966CC9000E439D /* ChipmunkSpace.h */ = {isa = PBXFileReference; fileEncoding = 4; lastKnownFileType = sourcecode.c.h; path = ChipmunkSpace.h; sourceTree = "<group>"; };
		D3D9E9BA14966CC9000E439D /* ChipmunkTileCache.h */ = {isa = PBXFileReference; fileEncoding = 4; lastKnownFileType = sourcecode.c.h; path = ChipmunkTileCache.h; sourceTree = "<group>"; };
		D3D9E9BB14966CC9000E439D /* cpHastySpace.h */ = {isa = PBXFileReference; fileEncoding = 4; lastKnownFileType = sourcecode.c.h; path = cpHastySpace.h; sourceTree = "<group>"; };
		D3D9E9BC14966CC9000E439D /* cpMarch.h */ = {isa = PBXFileReference; fileEncoding = 4; lastKnownFileType = sourcecode.c.h; path = cpMarch.h; sourceTree = "<group>"; };
		D3D9E9BD14966CC9000E439D /* cpPolyline.h */ = {isa = PBXFileReference; fileEncoding = 4; lastKnownFileType = sourcecode.c.h; path = cpPolyline.h; sourceTree = "<group>"; };
		D3D9E9BE14966CC9000E439D /* libChipmunkPro-iPhone.a */ = {isa = PBXFileReference; lastKnownFileType = archive.ar; path = "libChipmunkPro-iPhone.a"; sourceTree = "<group>"; };
		D3D9E9BF14966CC9000E439D /* ObjectiveChipmunk.h */ = {isa = PBXFileReference; fileEncoding = 4; lastKnownFileType = sourcecode.c.h; path = ObjectiveChipmunk.h; sourceTree = "<group>"; };
		D3FB3956148F353600E0BA9E /* ChipmunkShowcase.app */ = {isa = PBXFileReference; explicitFileType = wrapper.application; includeInIndex = 0; path = ChipmunkShowcase.app; sourceTree = BUILT_PRODUCTS_DIR; };
		D3FB395A148F353600E0BA9E /* UIKit.framework */ = {isa = PBXFileReference; lastKnownFileType = wrapper.framework; name = UIKit.framework; path = System/Library/Frameworks/UIKit.framework; sourceTree = SDKROOT; };
		D3FB395C148F353600E0BA9E /* Foundation.framework */ = {isa = PBXFileReference; lastKnownFileType = wrapper.framework; name = Foundation.framework; path = System/Library/Frameworks/Foundation.framework; sourceTree = SDKROOT; };
		D3FB395E148F353600E0BA9E /* CoreGraphics.framework */ = {isa = PBXFileReference; lastKnownFileType = wrapper.framework; name = CoreGraphics.framework; path = System/Library/Frameworks/CoreGraphics.framework; sourceTree = SDKROOT; };
		D3FB3960148F353600E0BA9E /* GLKit.framework */ = {isa = PBXFileReference; lastKnownFileType = wrapper.framework; name = GLKit.framework; path = System/Library/Frameworks/GLKit.framework; sourceTree = SDKROOT; };
		D3FB3962148F353600E0BA9E /* OpenGLES.framework */ = {isa = PBXFileReference; lastKnownFileType = wrapper.framework; name = OpenGLES.framework; path = System/Library/Frameworks/OpenGLES.framework; sourceTree = SDKROOT; };
		D3FB3966148F353600E0BA9E /* ChipmunkShowcase-Info.plist */ = {isa = PBXFileReference; lastKnownFileType = text.plist.xml; path = "ChipmunkShowcase-Info.plist"; sourceTree = "<group>"; };
		D3FB3968148F353600E0BA9E /* en */ = {isa = PBXFileReference; lastKnownFileType = text.plist.strings; name = en; path = en.lproj/InfoPlist.strings; sourceTree = "<group>"; };
		D3FB396A148F353600E0BA9E /* main.m */ = {isa = PBXFileReference; lastKnownFileType = sourcecode.c.objc; path = main.m; sourceTree = "<group>"; };
		D3FB396C148F353600E0BA9E /* ChipmunkShowcase-Prefix.pch */ = {isa = PBXFileReference; lastKnownFileType = sourcecode.c.h; path = "ChipmunkShowcase-Prefix.pch"; sourceTree = "<group>"; };
		D3FB396D148F353600E0BA9E /* AppDelegate.h */ = {isa = PBXFileReference; lastKnownFileType = sourcecode.c.h; path = AppDelegate.h; sourceTree = "<group>"; };
		D3FB396E148F353600E0BA9E /* AppDelegate.m */ = {isa = PBXFileReference; lastKnownFileType = sourcecode.c.objc; path = AppDelegate.m; sourceTree = "<group>"; };
		D3FB3970148F353600E0BA9E /* AntialiasedShader.fsh */ = {isa = PBXFileReference; lastKnownFileType = sourcecode.glsl; name = AntialiasedShader.fsh; path = Shaders/AntialiasedShader.fsh; sourceTree = "<group>"; };
		D3FB3972148F353600E0BA9E /* AntialiasedShader.vsh */ = {isa = PBXFileReference; lastKnownFileType = sourcecode.glsl; name = AntialiasedShader.vsh; path = Shaders/AntialiasedShader.vsh; sourceTree = "<group>"; };
		D3FB3974148F353600E0BA9E /* ViewController.h */ = {isa = PBXFileReference; lastKnownFileType = sourcecode.c.h; path = ViewController.h; sourceTree = "<group>"; };
		D3FB3975148F353600E0BA9E /* ViewController.m */ = {isa = PBXFileReference; lastKnownFileType = sourcecode.c.objc; path = ViewController.m; sourceTree = "<group>"; };
		D3FB3978148F353600E0BA9E /* en */ = {isa = PBXFileReference; lastKnownFileType = file.xib; name = en; path = en.lproj/ViewController_iPhone.xib; sourceTree = "<group>"; };
		D3FB39BD148F5DE300E0BA9E /* transform.h */ = {isa = PBXFileReference; fileEncoding = 4; lastKnownFileType = sourcecode.c.h; path = transform.h; sourceTree = "<group>"; };
		D3FB39C11490083400E0BA9E /* PolyRenderer.h */ = {isa = PBXFileReference; fileEncoding = 4; lastKnownFileType = sourcecode.c.h; path = PolyRenderer.h; sourceTree = "<group>"; };
		D3FB39C21490083400E0BA9E /* PolyRenderer.m */ = {isa = PBXFileReference; fileEncoding = 4; lastKnownFileType = sourcecode.c.objc; path = PolyRenderer.m; sourceTree = "<group>"; };
		D3FB39C4149008BC00E0BA9E /* PolyInstance.h */ = {isa = PBXFileReference; fileEncoding = 4; lastKnownFileType = sourcecode.c.h; path = PolyInstance.h; sourceTree = "<group>"; };
		D3FB39C5149008BC00E0BA9E /* PolyInstance.m */ = {isa = PBXFileReference; fileEncoding = 4; lastKnownFileType = sourcecode.c.objc; path = PolyInstance.m; sourceTree = "<group>"; };
/* End PBXFileReference section */

/* Begin PBXFrameworksBuildPhase section */
		D3FB3953148F353600E0BA9E /* Frameworks */ = {
			isa = PBXFrameworksBuildPhase;
			buildActionMask = 2147483647;
			files = (
				D325DB3C1491970D00F1B411 /* QuartzCore.framework in Frameworks */,
				D3FB395B148F353600E0BA9E /* UIKit.framework in Frameworks */,
				D3FB395D148F353600E0BA9E /* Foundation.framework in Frameworks */,
				D3FB395F148F353600E0BA9E /* CoreGraphics.framework in Frameworks */,
				D3FB3961148F353600E0BA9E /* GLKit.framework in Frameworks */,
				D3FB3963148F353600E0BA9E /* OpenGLES.framework in Frameworks */,
				D3D9E9C014966CC9000E439D /* libChipmunkPro-iPhone.a in Frameworks */,
			);
			runOnlyForDeploymentPostprocessing = 0;
		};
/* End PBXFrameworksBuildPhase section */

/* Begin PBXGroup section */
		D3C10FBC149097DD00F00AAE /* PolyRenderer */ = {
			isa = PBXGroup;
			children = (
				D3FB39C11490083400E0BA9E /* PolyRenderer.h */,
				D3FB39C21490083400E0BA9E /* PolyRenderer.m */,
				D3FB39C4149008BC00E0BA9E /* PolyInstance.h */,
				D3FB39C5149008BC00E0BA9E /* PolyInstance.m */,
				D3FB3972148F353600E0BA9E /* AntialiasedShader.vsh */,
				D3FB3970148F353600E0BA9E /* AntialiasedShader.fsh */,
			);
			name = PolyRenderer;
			sourceTree = "<group>";
		};
		D3C10FBD149097F700F00AAE /* Misc */ = {
			isa = PBXGroup;
			children = (
				D3FB39BD148F5DE300E0BA9E /* transform.h */,
				D3582DEF1490899400AB0C37 /* Accelerometer.h */,
				D3582DF01490899400AB0C37 /* Accelerometer.m */,
			);
			name = Misc;
			sourceTree = "<group>";
		};
		D3C10FD41490ADD500F00AAE /* Demos */ = {
			isa = PBXGroup;
			children = (
				D311931214E25F7700B659B3 /* TheoJansenDemo.m */,
				D311931014E258B200B659B3 /* PyramidToppleDemo.m */,
				D311930E14E258A400B659B3 /* PyramidStackDemo.m */,
				D311930914E23C2600B659B3 /* PlanetDemo.m */,
				D359FB271495E103001147A9 /* LogoSmashDemo.m */,
				D3C10FD21490ADCE00F00AAE /* PlinkDemo.m */,
				D3C4358E1490B15800875EA3 /* TumbleDemo.m */,
				D3C435941490C24300875EA3 /* BouncyTerrainDemo.m */,
				D396EC461495F6C500B94838 /* MultiGrabDemo.m */,
			);
			path = Demos;
			sourceTree = "<group>";
		};
		D3D9E99314966CC9000E439D /* ChipmunkPro-Trial */ = {
			isa = PBXGroup;
			children = (
				D3D9E99414966CC9000E439D /* chipmunk */,
				D3D9E9AF14966CC9000E439D /* ChipmunkAutoGeometry.h */,
				D3D9E9B014966CC9000E439D /* ChipmunkBody.h */,
				D3D9E9B114966CC9000E439D /* ChipmunkConstraint.h */,
				D3D9E9B214966CC9000E439D /* ChipmunkExtras.h */,
				D3D9E9B314966CC9000E439D /* ChipmunkHastySpace.h */,
				D3D9E9B414966CC9000E439D /* ChipmunkImageSampler.h */,
				D3D9E9B514966CC9000E439D /* ChipmunkMultiGrab.h */,
				D3D9E9B614966CC9000E439D /* ChipmunkObject.h */,
				D3D9E9B714966CC9000E439D /* ChipmunkPointCloudSampler.h */,
				D3D9E9B814966CC9000E439D /* ChipmunkShape.h */,
				D3D9E9B914966CC9000E439D /* ChipmunkSpace.h */,
				D3D9E9BA14966CC9000E439D /* ChipmunkTileCache.h */,
				D3D9E9BB14966CC9000E439D /* cpHastySpace.h */,
				D3D9E9BC14966CC9000E439D /* cpMarch.h */,
				D3D9E9BD14966CC9000E439D /* cpPolyline.h */,
				D3D9E9BE14966CC9000E439D /* libChipmunkPro-iPhone.a */,
				D3D9E9BF14966CC9000E439D /* ObjectiveChipmunk.h */,
			);
			path = "ChipmunkPro-Trial";
			sourceTree = "<group>";
		};
		D3D9E99414966CC9000E439D /* chipmunk */ = {
			isa = PBXGroup;
			children = (
				D3D9E99514966CC9000E439D /* chipmunk.h */,
				D3D9E99614966CC9000E439D /* chipmunk_ffi.h */,
				D3D9E99714966CC9000E439D /* chipmunk_private.h */,
				D3D9E99814966CC9000E439D /* chipmunk_types.h */,
				D3D9E99914966CC9000E439D /* chipmunk_unsafe.h */,
				D3D9E99A14966CC9000E439D /* constraints */,
				D3D9E9A714966CC9000E439D /* cpArbiter.h */,
				D3D9E9A814966CC9000E439D /* cpBB.h */,
				D3D9E9A914966CC9000E439D /* cpBody.h */,
				D3D9E9AA14966CC9000E439D /* cpPolyShape.h */,
				D3D9E9AB14966CC9000E439D /* cpShape.h */,
				D3D9E9AC14966CC9000E439D /* cpSpace.h */,
				D3D9E9AD14966CC9000E439D /* cpSpatialIndex.h */,
				D3D9E9AE14966CC9000E439D /* cpVect.h */,
			);
			path = chipmunk;
			sourceTree = "<group>";
		};
		D3D9E99A14966CC9000E439D /* constraints */ = {
			isa = PBXGroup;
			children = (
				D3D9E99B14966CC9000E439D /* cpConstraint.h */,
				D3D9E99C14966CC9000E439D /* cpDampedRotarySpring.h */,
				D3D9E99D14966CC9000E439D /* cpDampedSpring.h */,
				D3D9E99E14966CC9000E439D /* cpGearJoint.h */,
				D3D9E99F14966CC9000E439D /* cpGrooveJoint.h */,
				D3D9E9A014966CC9000E439D /* cpPinJoint.h */,
				D3D9E9A114966CC9000E439D /* cpPivotJoint.h */,
				D3D9E9A214966CC9000E439D /* cpRatchetJoint.h */,
				D3D9E9A314966CC9000E439D /* cpRotaryLimitJoint.h */,
				D3D9E9A414966CC9000E439D /* cpSimpleMotor.h */,
				D3D9E9A514966CC9000E439D /* cpSlideJoint.h */,
				D3D9E9A614966CC9000E439D /* util.h */,
			);
			path = constraints;
			sourceTree = "<group>";
		};
		D3FB394B148F353600E0BA9E = {
			isa = PBXGroup;
			children = (
				D3FB3964148F353600E0BA9E /* Showcase */,
				D3FB3965148F353600E0BA9E /* Supporting Files */,
				D3FB3959148F353600E0BA9E /* Frameworks */,
				D3FB3957148F353600E0BA9E /* Products */,
				D3D9E99314966CC9000E439D /* ChipmunkPro-Trial */,
			);
			sourceTree = "<group>";
		};
		D3FB3957148F353600E0BA9E /* Products */ = {
			isa = PBXGroup;
			children = (
				D3FB3956148F353600E0BA9E /* ChipmunkShowcase.app */,
			);
			name = Products;
			sourceTree = "<group>";
		};
		D3FB3959148F353600E0BA9E /* Frameworks */ = {
			isa = PBXGroup;
			children = (
				D325DB3B1491970D00F1B411 /* QuartzCore.framework */,
				D3FB395A148F353600E0BA9E /* UIKit.framework */,
				D3FB395C148F353600E0BA9E /* Foundation.framework */,
				D3FB395E148F353600E0BA9E /* CoreGraphics.framework */,
				D3FB3960148F353600E0BA9E /* GLKit.framework */,
				D3FB3962148F353600E0BA9E /* OpenGLES.framework */,
			);
			name = Frameworks;
			sourceTree = "<group>";
		};
		D3FB3964148F353600E0BA9E /* Showcase */ = {
			isa = PBXGroup;
			children = (
				D3FB396D148F353600E0BA9E /* AppDelegate.h */,
				D3FB396E148F353600E0BA9E /* AppDelegate.m */,
				D3FB3974148F353600E0BA9E /* ViewController.h */,
				D3FB3975148F353600E0BA9E /* ViewController.m */,
				D3C10FB91490944000F00AAE /* ShowcaseDemo.h */,
				D3C10FBA1490944000F00AAE /* ShowcaseDemo.m */,
				D3C10FD41490ADD500F00AAE /* Demos */,
				D3C10FBC149097DD00F00AAE /* PolyRenderer */,
				D3C10FBD149097F700F00AAE /* Misc */,
			);
			path = Showcase;
			sourceTree = "<group>";
		};
		D3FB3965148F353600E0BA9E /* Supporting Files */ = {
			isa = PBXGroup;
			children = (
				D3FB3977148F353600E0BA9E /* ViewController_iPhone.xib */,
				D358DFB714929B9A00D2EE0D /* ViewController_iPad.xib */,
				D3FB3966148F353600E0BA9E /* ChipmunkShowcase-Info.plist */,
				D3FB3967148F353600E0BA9E /* InfoPlist.strings */,
				D3FB396A148F353600E0BA9E /* main.m */,
				D3FB396C148F353600E0BA9E /* ChipmunkShowcase-Prefix.pch */,
			);
			name = "Supporting Files";
			path = Showcase;
			sourceTree = "<group>";
		};
/* End PBXGroup section */

/* Begin PBXNativeTarget section */
		D3FB3955148F353600E0BA9E /* ChipmunkShowcase */ = {
			isa = PBXNativeTarget;
			buildConfigurationList = D3FB397F148F353600E0BA9E /* Build configuration list for PBXNativeTarget "ChipmunkShowcase" */;
			buildPhases = (
				D3FB3952148F353600E0BA9E /* Sources */,
				D3FB3953148F353600E0BA9E /* Frameworks */,
				D3FB3954148F353600E0BA9E /* Resources */,
			);
			buildRules = (
			);
			dependencies = (
			);
			name = ChipmunkShowcase;
			productName = "ChipmunkPro MegaDemo";
			productReference = D3FB3956148F353600E0BA9E /* ChipmunkShowcase.app */;
			productType = "com.apple.product-type.application";
		};
/* End PBXNativeTarget section */

/* Begin PBXProject section */
		D3FB394D148F353600E0BA9E /* Project object */ = {
			isa = PBXProject;
			attributes = {
				LastUpgradeCheck = 0420;
			};
			buildConfigurationList = D3FB3950148F353600E0BA9E /* Build configuration list for PBXProject "ChipmunkShowcase" */;
			compatibilityVersion = "Xcode 3.2";
			developmentRegion = English;
			hasScannedForEncodings = 0;
			knownRegions = (
				en,
			);
			mainGroup = D3FB394B148F353600E0BA9E;
			productRefGroup = D3FB3957148F353600E0BA9E /* Products */;
			projectDirPath = "";
			projectRoot = "";
			targets = (
				D3FB3955148F353600E0BA9E /* ChipmunkShowcase */,
			);
		};
/* End PBXProject section */

/* Begin PBXResourcesBuildPhase section */
		D3FB3954148F353600E0BA9E /* Resources */ = {
			isa = PBXResourcesBuildPhase;
			buildActionMask = 2147483647;
			files = (
				D3FB3969148F353600E0BA9E /* InfoPlist.strings in Resources */,
				D3FB3971148F353600E0BA9E /* AntialiasedShader.fsh in Resources */,
				D3FB3973148F353600E0BA9E /* AntialiasedShader.vsh in Resources */,
				D3FB3979148F353600E0BA9E /* ViewController_iPhone.xib in Resources */,
				D358DFB814929B9A00D2EE0D /* ViewController_iPad.xib in Resources */,
				D359FB281495E103001147A9 /* LogoSmashDemo.m in Resources */,
			);
			runOnlyForDeploymentPostprocessing = 0;
		};
/* End PBXResourcesBuildPhase section */

/* Begin PBXSourcesBuildPhase section */
		D3FB3952148F353600E0BA9E /* Sources */ = {
			isa = PBXSourcesBuildPhase;
			buildActionMask = 2147483647;
			files = (
				D396EC441495E52000B94838 /* LogoSmashDemo.m in Sources */,
				D3FB396B148F353600E0BA9E /* main.m in Sources */,
				D3FB396F148F353600E0BA9E /* AppDelegate.m in Sources */,
				D3FB3976148F353600E0BA9E /* ViewController.m in Sources */,
				D3FB39C31490083400E0BA9E /* PolyRenderer.m in Sources */,
				D3FB39C6149008BC00E0BA9E /* PolyInstance.m in Sources */,
				D3582DF11490899400AB0C37 /* Accelerometer.m in Sources */,
				D3C10FBB1490944000F00AAE /* ShowcaseDemo.m in Sources */,
				D3C10FD31490ADCE00F00AAE /* PlinkDemo.m in Sources */,
				D3C4358F1490B15800875EA3 /* TumbleDemo.m in Sources */,
				D3C435951490C24300875EA3 /* BouncyTerrainDemo.m in Sources */,
				D396EC471495F6C500B94838 /* MultiGrabDemo.m in Sources */,
				D311930A14E23C2600B659B3 /* PlanetDemo.m in Sources */,
				D311930F14E258A400B659B3 /* PyramidStackDemo.m in Sources */,
				D311931114E258B200B659B3 /* PyramidToppleDemo.m in Sources */,
				D311931314E25F7800B659B3 /* TheoJansenDemo.m in Sources */,
			);
			runOnlyForDeploymentPostprocessing = 0;
		};
/* End PBXSourcesBuildPhase section */

/* Begin PBXVariantGroup section */
		D3FB3967148F353600E0BA9E /* InfoPlist.strings */ = {
			isa = PBXVariantGroup;
			children = (
				D3FB3968148F353600E0BA9E /* en */,
			);
			name = InfoPlist.strings;
			sourceTree = "<group>";
		};
		D3FB3977148F353600E0BA9E /* ViewController_iPhone.xib */ = {
			isa = PBXVariantGroup;
			children = (
				D3FB3978148F353600E0BA9E /* en */,
			);
			name = ViewController_iPhone.xib;
			sourceTree = "<group>";
		};
/* End PBXVariantGroup section */

/* Begin XCBuildConfiguration section */
		D3FB397D148F353600E0BA9E /* Debug */ = {
			isa = XCBuildConfiguration;
			buildSettings = {
				ALWAYS_SEARCH_USER_PATHS = NO;
				ARCHS = "$(ARCHS_STANDARD_32_BIT)";
				CLANG_ENABLE_OBJC_ARC = YES;
				"CODE_SIGN_IDENTITY[sdk=iphoneos*]" = "iPhone Developer";
				COPY_PHASE_STRIP = NO;
				GCC_C_LANGUAGE_STANDARD = gnu99;
				GCC_DYNAMIC_NO_PIC = NO;
				GCC_OPTIMIZATION_LEVEL = 0;
				GCC_PREPROCESSOR_DEFINITIONS = (
					"DEBUG=1",
					"$(inherited)",
				);
				GCC_SYMBOLS_PRIVATE_EXTERN = NO;
				GCC_VERSION = com.apple.compilers.llvm.clang.1_0;
				GCC_WARN_ABOUT_MISSING_PROTOTYPES = YES;
				GCC_WARN_ABOUT_RETURN_TYPE = YES;
				GCC_WARN_UNUSED_VARIABLE = YES;
				IPHONEOS_DEPLOYMENT_TARGET = 5.0;
				SDKROOT = iphoneos;
				TARGETED_DEVICE_FAMILY = "1,2";
			};
			name = Debug;
		};
		D3FB397E148F353600E0BA9E /* Release */ = {
			isa = XCBuildConfiguration;
			buildSettings = {
				ALWAYS_SEARCH_USER_PATHS = NO;
				ARCHS = "$(ARCHS_STANDARD_32_BIT)";
				CLANG_ENABLE_OBJC_ARC = YES;
				"CODE_SIGN_IDENTITY[sdk=iphoneos*]" = "iPhone Developer";
				COPY_PHASE_STRIP = YES;
				GCC_C_LANGUAGE_STANDARD = gnu99;
				GCC_VERSION = com.apple.compilers.llvm.clang.1_0;
				GCC_WARN_ABOUT_MISSING_PROTOTYPES = YES;
				GCC_WARN_ABOUT_RETURN_TYPE = YES;
				GCC_WARN_UNUSED_VARIABLE = YES;
				IPHONEOS_DEPLOYMENT_TARGET = 5.0;
				OTHER_CFLAGS = "-DNS_BLOCK_ASSERTIONS=1";
				SDKROOT = iphoneos;
				TARGETED_DEVICE_FAMILY = "1,2";
				VALIDATE_PRODUCT = YES;
			};
			name = Release;
		};
		D3FB3980148F353600E0BA9E /* Debug */ = {
			isa = XCBuildConfiguration;
			buildSettings = {
				GCC_PRECOMPILE_PREFIX_HEADER = YES;
				GCC_PREFIX_HEADER = "Showcase/ChipmunkShowcase-Prefix.pch";
				"GCC_THUMB_SUPPORT[arch=armv6]" = "";
				INFOPLIST_FILE = "Showcase/ChipmunkShowcase-Info.plist";
				LIBRARY_SEARCH_PATHS = (
					"$(inherited)",
					"\"$(SRCROOT)/../ChipmunkPro/ChipmunkPro-iPhone\"",
					"\"$(SRCROOT)/ChipmunkPro-Trial\"",
				);
				PRODUCT_NAME = "$(TARGET_NAME)";
				WRAPPER_EXTENSION = app;
			};
			name = Debug;
		};
		D3FB3981148F353600E0BA9E /* Release */ = {
			isa = XCBuildConfiguration;
			buildSettings = {
				GCC_PRECOMPILE_PREFIX_HEADER = YES;
				GCC_PREFIX_HEADER = "Showcase/ChipmunkShowcase-Prefix.pch";
				"GCC_THUMB_SUPPORT[arch=armv6]" = "";
				INFOPLIST_FILE = "Showcase/ChipmunkShowcase-Info.plist";
				LIBRARY_SEARCH_PATHS = (
					"$(inherited)",
					"\"$(SRCROOT)/../ChipmunkPro/ChipmunkPro-iPhone\"",
					"\"$(SRCROOT)/ChipmunkPro-Trial\"",
				);
				PRODUCT_NAME = "$(TARGET_NAME)";
				WRAPPER_EXTENSION = app;
			};
			name = Release;
		};
/* End XCBuildConfiguration section */

/* Begin XCConfigurationList section */
		D3FB3950148F353600E0BA9E /* Build configuration list for PBXProject "ChipmunkShowcase" */ = {
			isa = XCConfigurationList;
			buildConfigurations = (
				D3FB397D148F353600E0BA9E /* Debug */,
				D3FB397E148F353600E0BA9E /* Release */,
			);
			defaultConfigurationIsVisible = 0;
			defaultConfigurationName = Release;
		};
		D3FB397F148F353600E0BA9E /* Build configuration list for PBXNativeTarget "ChipmunkShowcase" */ = {
			isa = XCConfigurationList;
			buildConfigurations = (
				D3FB3980148F353600E0BA9E /* Debug */,
				D3FB3981148F353600E0BA9E /* Release */,
			);
			defaultConfigurationIsVisible = 0;
			defaultConfigurationName = Release;
		};
/* End XCConfigurationList section */
	};
	rootObject = D3FB394D148F353600E0BA9E /* Project object */;
}
