// !$*UTF8*$!
{
	archiveVersion = 1;
	classes = {
	};
	objectVersion = 46;
	objects = {

/* Begin PBXBuildFile section */
		D305BF7F15A3439600B98A57 /* SolarSystemDemo.m in Sources */ = {isa = PBXBuildFile; fileRef = D305BF7E15A3439600B98A57 /* SolarSystemDemo.m */; };
		D311930A14E23C2600B659B3 /* PlanetDemo.m in Sources */ = {isa = PBXBuildFile; fileRef = D311930914E23C2600B659B3 /* PlanetDemo.m */; };
		D311930F14E258A400B659B3 /* PyramidStackDemo.m in Sources */ = {isa = PBXBuildFile; fileRef = D311930E14E258A400B659B3 /* PyramidStackDemo.m */; };
		D311931114E258B200B659B3 /* PyramidToppleDemo.m in Sources */ = {isa = PBXBuildFile; fileRef = D311931014E258B200B659B3 /* PyramidToppleDemo.m */; };
		D311931314E25F7800B659B3 /* TheoJansenDemo.m in Sources */ = {isa = PBXBuildFile; fileRef = D311931214E25F7700B659B3 /* TheoJansenDemo.m */; };
		D311931514E265C000B659B3 /* BreakableChainsDemo.m in Sources */ = {isa = PBXBuildFile; fileRef = D311931414E265C000B659B3 /* BreakableChainsDemo.m */; };
		D311931714E2699F00B659B3 /* CraneDemo.m in Sources */ = {isa = PBXBuildFile; fileRef = D311931614E2699F00B659B3 /* CraneDemo.m */; };
		D321D1D114E8F8C400DE2A53 /* DeformableBitmapDemo.m in Sources */ = {isa = PBXBuildFile; fileRef = D321D1D014E8F8C400DE2A53 /* DeformableBitmapDemo.m */; };
		D321D1D414E8F9C600DE2A53 /* ImageIO.framework in Frameworks */ = {isa = PBXBuildFile; fileRef = D321D1D314E8F9C600DE2A53 /* ImageIO.framework */; };
		D325955414F4AEAB00CFD00B /* AbsorbDemo.psd in Resources */ = {isa = PBXBuildFile; fileRef = D325955314F4AEAB00CFD00B /* AbsorbDemo.psd */; };
		D325959914F5B21C00CFD00B /* InstructionsController.m in Sources */ = {isa = PBXBuildFile; fileRef = D325959714F5B21C00CFD00B /* InstructionsController.m */; };
		D325959A14F5B21C00CFD00B /* InstructionsController_iPhone.xib in Resources */ = {isa = PBXBuildFile; fileRef = D325959814F5B21C00CFD00B /* InstructionsController_iPhone.xib */; };
		D32595A914F5C02D00CFD00B /* instructions.png in Resources */ = {isa = PBXBuildFile; fileRef = D32595A714F5C02D00CFD00B /* instructions.png */; };
		D32595AA14F5C02D00CFD00B /* instructions@2x.png in Resources */ = {isa = PBXBuildFile; fileRef = D32595A814F5C02D00CFD00B /* instructions@2x.png */; };
		D32595AC14F5C16900CFD00B /* InstructionsController_iPad.xib in Resources */ = {isa = PBXBuildFile; fileRef = D32595AB14F5C16900CFD00B /* InstructionsController_iPad.xib */; };
		D32595AE14F5C37B00CFD00B /* instructions~ipad.png in Resources */ = {isa = PBXBuildFile; fileRef = D32595AD14F5C37B00CFD00B /* instructions~ipad.png */; };
		D325DB3C1491970D00F1B411 /* QuartzCore.framework in Frameworks */ = {isa = PBXBuildFile; fileRef = D325DB3B1491970D00F1B411 /* QuartzCore.framework */; };
		D3582DF11490899400AB0C37 /* Accelerometer.m in Sources */ = {isa = PBXBuildFile; fileRef = D3582DF01490899400AB0C37 /* Accelerometer.m */; };
		D358DFB814929B9A00D2EE0D /* ViewController_iPad.xib in Resources */ = {isa = PBXBuildFile; fileRef = D358DFB714929B9A00D2EE0D /* ViewController_iPad.xib */; };
		D360ABF516FD00E000649802 /* RemoteArm.m in Sources */ = {isa = PBXBuildFile; fileRef = D360ABF416FD00E000649802 /* RemoteArm.m */; };
		D360AC0516FD23C100649802 /* RemoteArm.psd in Resources */ = {isa = PBXBuildFile; fileRef = D360AC0416FD23C100649802 /* RemoteArm.psd */; };
		D3921D8B16F56CE000F10915 /* BuoyancyDemo.psd in Resources */ = {isa = PBXBuildFile; fileRef = D3921D8A16F56CE000F10915 /* BuoyancyDemo.psd */; };
		D3921D8F16F56F4100F10915 /* StickyDemo.m in Sources */ = {isa = PBXBuildFile; fileRef = D3921D8E16F56F4100F10915 /* StickyDemo.m */; };
		D3921D9416F57D1600F10915 /* StickyDemo.psd in Resources */ = {isa = PBXBuildFile; fileRef = D3921D9316F57D1600F10915 /* StickyDemo.psd */; };
		D396EC441495E52000B94838 /* LogoSmashDemo.m in Sources */ = {isa = PBXBuildFile; fileRef = D359FB271495E103001147A9 /* LogoSmashDemo.m */; };
		D396EC471495F6C500B94838 /* MultiGrabDemo.m in Sources */ = {isa = PBXBuildFile; fileRef = D396EC461495F6C500B94838 /* MultiGrabDemo.m */; };
		D39C31FA169528C90046340D /* Default-568h.psd in Resources */ = {isa = PBXBuildFile; fileRef = D39C31F9169528C90046340D /* Default-568h.psd */; };
		D39C8CD316F3B1BD00A9F5D7 /* BuoyancyDemo.m in Sources */ = {isa = PBXBuildFile; fileRef = D39C8CD216F3B1BD00A9F5D7 /* BuoyancyDemo.m */; };
		D3BB2CC01B39C276000DF0BF /* libObjectiveChipmunk-iOS.a in Frameworks */ = {isa = PBXBuildFile; fileRef = D3BB2CBD1B39C24C000DF0BF /* libObjectiveChipmunk-iOS.a */; };
		D3C10FBB1490944000F00AAE /* ShowcaseDemo.m in Sources */ = {isa = PBXBuildFile; fileRef = D3C10FBA1490944000F00AAE /* ShowcaseDemo.m */; };
		D3C10FD31490ADCE00F00AAE /* PlinkDemo.m in Sources */ = {isa = PBXBuildFile; fileRef = D3C10FD21490ADCE00F00AAE /* PlinkDemo.m */; };
		D3C4358F1490B15800875EA3 /* TumbleDemo.m in Sources */ = {isa = PBXBuildFile; fileRef = D3C4358E1490B15800875EA3 /* TumbleDemo.m */; };
		D3C435951490C24300875EA3 /* BouncyTerrainDemo.m in Sources */ = {isa = PBXBuildFile; fileRef = D3C435941490C24300875EA3 /* BouncyTerrainDemo.m */; };
		D3DFB4A01610FAE900162F19 /* Default-Landscape~ipad.png in Resources */ = {isa = PBXBuildFile; fileRef = D32595AF14F5CA3A00CFD00B /* Default-Landscape~ipad.png */; };
		D3DFB4A61610FC8B00162F19 /* SolarSystemDemo.psd in Resources */ = {isa = PBXBuildFile; fileRef = D3DFB4A51610FC8B00162F19 /* SolarSystemDemo.psd */; };
		D3EB7A1614F040CE00C1AD84 /* GLView.m in Sources */ = {isa = PBXBuildFile; fileRef = D3EB7A1514F040CE00C1AD84 /* GLView.m */; };
		D3EB7A4E14F2383B00C1AD84 /* BouncyTerrainDemo.psd in Resources */ = {isa = PBXBuildFile; fileRef = D3EB7A4214F2383B00C1AD84 /* BouncyTerrainDemo.psd */; };
		D3EB7A4F14F2383B00C1AD84 /* BreakableChainsDemo.psd in Resources */ = {isa = PBXBuildFile; fileRef = D3EB7A4314F2383B00C1AD84 /* BreakableChainsDemo.psd */; };
		D3EB7A5014F2383B00C1AD84 /* CraneDemo.psd in Resources */ = {isa = PBXBuildFile; fileRef = D3EB7A4414F2383B00C1AD84 /* CraneDemo.psd */; };
		D3EB7A5214F2383B00C1AD84 /* LogoSmashDemo.psd in Resources */ = {isa = PBXBuildFile; fileRef = D3EB7A4614F2383B00C1AD84 /* LogoSmashDemo.psd */; };
		D3EB7A5314F2383B00C1AD84 /* MultiGrabDemo.psd in Resources */ = {isa = PBXBuildFile; fileRef = D3EB7A4714F2383B00C1AD84 /* MultiGrabDemo.psd */; };
		D3EB7A5414F2383B00C1AD84 /* PlanetDemo.psd in Resources */ = {isa = PBXBuildFile; fileRef = D3EB7A4814F2383B00C1AD84 /* PlanetDemo.psd */; };
		D3EB7A5514F2383B00C1AD84 /* PlinkDemo.psd in Resources */ = {isa = PBXBuildFile; fileRef = D3EB7A4914F2383B00C1AD84 /* PlinkDemo.psd */; };
		D3EB7A5614F2383B00C1AD84 /* PyramidStackDemo.psd in Resources */ = {isa = PBXBuildFile; fileRef = D3EB7A4A14F2383B00C1AD84 /* PyramidStackDemo.psd */; };
		D3EB7A5714F2383B00C1AD84 /* PyramidToppleDemo.psd in Resources */ = {isa = PBXBuildFile; fileRef = D3EB7A4B14F2383B00C1AD84 /* PyramidToppleDemo.psd */; };
		D3EB7A5814F2383B00C1AD84 /* TheoJansenDemo.psd in Resources */ = {isa = PBXBuildFile; fileRef = D3EB7A4C14F2383B00C1AD84 /* TheoJansenDemo.psd */; };
		D3EB7A5914F2383B00C1AD84 /* TumbleDemo.psd in Resources */ = {isa = PBXBuildFile; fileRef = D3EB7A4D14F2383B00C1AD84 /* TumbleDemo.psd */; };
		D3EB7A5B14F23B3D00C1AD84 /* DeformableBitmapDemo.psd in Resources */ = {isa = PBXBuildFile; fileRef = D3EB7A5A14F23B3D00C1AD84 /* DeformableBitmapDemo.psd */; };
		D3EB7A6314F23E7300C1AD84 /* Icon.psd in Resources */ = {isa = PBXBuildFile; fileRef = D3EB7A6014F23E7300C1AD84 /* Icon.psd */; };
		D3EB7A6414F23E7300C1AD84 /* Icon~ipad.psd in Resources */ = {isa = PBXBuildFile; fileRef = D3EB7A6114F23E7300C1AD84 /* Icon~ipad.psd */; };
		D3EB7A6C14F24A1600C1AD84 /* Default.psd in Resources */ = {isa = PBXBuildFile; fileRef = D3EB7A6B14F24A1600C1AD84 /* Default.psd */; };
		D3EB7AAB14F2CBF000C1AD84 /* SpringiesDemo.m in Sources */ = {isa = PBXBuildFile; fileRef = D3EB7AAA14F2CBEF00C1AD84 /* SpringiesDemo.m */; };
		D3EB7AAD14F2DF1F00C1AD84 /* SpringiesDemo.psd in Resources */ = {isa = PBXBuildFile; fileRef = D3EB7AAC14F2DF1F00C1AD84 /* SpringiesDemo.psd */; };
		D3EB7AB414F2E69500C1AD84 /* SourceViewController.m in Sources */ = {isa = PBXBuildFile; fileRef = D3EB7AB214F2E69400C1AD84 /* SourceViewController.m */; };
		D3EB7AB514F2E69500C1AD84 /* SourceViewController.xib in Resources */ = {isa = PBXBuildFile; fileRef = D3EB7AB314F2E69500C1AD84 /* SourceViewController.xib */; };
		D3EB7AB814F2F2AA00C1AD84 /* google-code-prettify in Resources */ = {isa = PBXBuildFile; fileRef = D3EB7AB714F2F2AA00C1AD84 /* google-code-prettify */; };
		D3EB7ABA14F2F31200C1AD84 /* Demos in Resources */ = {isa = PBXBuildFile; fileRef = D3EB7AB914F2F31200C1AD84 /* Demos */; };
		D3EB7ABE14F2FA9300C1AD84 /* SourceViewTemplate.html in Resources */ = {isa = PBXBuildFile; fileRef = D3EB7ABD14F2FA9200C1AD84 /* SourceViewTemplate.html */; };
		D3EB7B0A14F45DED00C1AD84 /* GrabberDemo.m in Sources */ = {isa = PBXBuildFile; fileRef = D3EB7B0914F45DED00C1AD84 /* GrabberDemo.m */; };
		D3EB7B1714F47CEC00C1AD84 /* GrabberDemo.psd in Resources */ = {isa = PBXBuildFile; fileRef = D3EB7B1614F47CEC00C1AD84 /* GrabberDemo.psd */; };
		D3EB7B1914F4996600C1AD84 /* AbsorbDemo.m in Sources */ = {isa = PBXBuildFile; fileRef = D3EB7B1814F4996400C1AD84 /* AbsorbDemo.m */; };
		D3FB395B148F353600E0BA9E /* UIKit.framework in Frameworks */ = {isa = PBXBuildFile; fileRef = D3FB395A148F353600E0BA9E /* UIKit.framework */; };
		D3FB395D148F353600E0BA9E /* Foundation.framework in Frameworks */ = {isa = PBXBuildFile; fileRef = D3FB395C148F353600E0BA9E /* Foundation.framework */; };
		D3FB395F148F353600E0BA9E /* CoreGraphics.framework in Frameworks */ = {isa = PBXBuildFile; fileRef = D3FB395E148F353600E0BA9E /* CoreGraphics.framework */; };
		D3FB3963148F353600E0BA9E /* OpenGLES.framework in Frameworks */ = {isa = PBXBuildFile; fileRef = D3FB3962148F353600E0BA9E /* OpenGLES.framework */; };
		D3FB3969148F353600E0BA9E /* InfoPlist.strings in Resources */ = {isa = PBXBuildFile; fileRef = D3FB3967148F353600E0BA9E /* InfoPlist.strings */; };
		D3FB396B148F353600E0BA9E /* main.m in Sources */ = {isa = PBXBuildFile; fileRef = D3FB396A148F353600E0BA9E /* main.m */; };
		D3FB396F148F353600E0BA9E /* AppDelegate.m in Sources */ = {isa = PBXBuildFile; fileRef = D3FB396E148F353600E0BA9E /* AppDelegate.m */; };
		D3FB3971148F353600E0BA9E /* AntialiasedShader.fsh in Resources */ = {isa = PBXBuildFile; fileRef = D3FB3970148F353600E0BA9E /* AntialiasedShader.fsh */; };
		D3FB3973148F353600E0BA9E /* AntialiasedShader.vsh in Resources */ = {isa = PBXBuildFile; fileRef = D3FB3972148F353600E0BA9E /* AntialiasedShader.vsh */; };
		D3FB3976148F353600E0BA9E /* ViewController.m in Sources */ = {isa = PBXBuildFile; fileRef = D3FB3975148F353600E0BA9E /* ViewController.m */; };
		D3FB3979148F353600E0BA9E /* ViewController_iPhone.xib in Resources */ = {isa = PBXBuildFile; fileRef = D3FB3977148F353600E0BA9E /* ViewController_iPhone.xib */; };
		D3FB39C31490083400E0BA9E /* PolyRenderer.m in Sources */ = {isa = PBXBuildFile; fileRef = D3FB39C21490083400E0BA9E /* PolyRenderer.m */; };
/* End PBXBuildFile section */

/* Begin PBXBuildRule section */
		D3EB7A3C14F2353000C1AD84 /* PBXBuildRule */ = {
			isa = PBXBuildRule;
			compilerSpec = com.apple.compilers.proxy.script;
			filePatterns = "*.psd";
			fileType = pattern.proxy;
			isEditable = 1;
			outputFiles = (
				"$(DERIVED_FILES_DIR)/$(INPUT_FILE_BASE)@2x.png",
				"$(DERIVED_FILES_DIR)/$(INPUT_FILE_BASE).png",
			);
			script = "\"$PROJECT_DIR/Support/imageconvert\" 1.0 \"$INPUT_FILE_PATH\" \"$DERIVED_FILES_DIR/$INPUT_FILE_BASE@2x.png\"\n\"$PROJECT_DIR/Support/imageconvert\" 0.5 \"$INPUT_FILE_PATH\" \"$DERIVED_FILES_DIR/$INPUT_FILE_BASE.png\"\n\n\"$PROJECT_DIR/Support/optipng\" \"$DERIVED_FILES_DIR/$INPUT_FILE_BASE@2x.png\"\n\"$PROJECT_DIR/Support/optipng\" \"$DERIVED_FILES_DIR/$INPUT_FILE_BASE.png\"";
		};
/* End PBXBuildRule section */

/* Begin PBXContainerItemProxy section */
		D3BB2CB21B39C24C000DF0BF /* PBXContainerItemProxy */ = {
			isa = PBXContainerItemProxy;
			containerPortal = D3BB2CA81B39C24C000DF0BF /* Chipmunk7.xcodeproj */;
			proxyType = 2;
			remoteGlobalIDString = D3E5F0490AA32FDE004E361B;
			remoteInfo = ChipmunkDemo;
		};
		D3BB2CB41B39C24C000DF0BF /* PBXContainerItemProxy */ = {
			isa = PBXContainerItemProxy;
			containerPortal = D3BB2CA81B39C24C000DF0BF /* Chipmunk7.xcodeproj */;
			proxyType = 2;
			remoteGlobalIDString = D34963BB0B56CAA300CAD239;
			remoteInfo = "Chipmunk-Mac";
		};
		D3BB2CB61B39C24C000DF0BF /* PBXContainerItemProxy */ = {
			isa = PBXContainerItemProxy;
			containerPortal = D3BB2CA81B39C24C000DF0BF /* Chipmunk7.xcodeproj */;
			proxyType = 2;
			remoteGlobalIDString = D3C3787A11063B1B003EF1D9;
			remoteInfo = "Chipmunk-iOS";
		};
		D3BB2CB81B39C24C000DF0BF /* PBXContainerItemProxy */ = {
			isa = PBXContainerItemProxy;
			containerPortal = D3BB2CA81B39C24C000DF0BF /* Chipmunk7.xcodeproj */;
			proxyType = 2;
			remoteGlobalIDString = D39ECD8617ED70D900319DBA;
			remoteInfo = "Benchmark iPhone";
		};
		D3BB2CBA1B39C24C000DF0BF /* PBXContainerItemProxy */ = {
			isa = PBXContainerItemProxy;
			containerPortal = D3BB2CA81B39C24C000DF0BF /* Chipmunk7.xcodeproj */;
			proxyType = 2;
			remoteGlobalIDString = D333C5F018639A0500BBC4FF;
			remoteInfo = "ObjectiveChipmunk-Mac";
		};
		D3BB2CBC1B39C24C000DF0BF /* PBXContainerItemProxy */ = {
			isa = PBXContainerItemProxy;
			containerPortal = D3BB2CA81B39C24C000DF0BF /* Chipmunk7.xcodeproj */;
			proxyType = 2;
			remoteGlobalIDString = D309B21317EFE2EF00AA52C8;
			remoteInfo = "ObjectiveChipmunk-iOS";
		};
		D3BB2CBE1B39C24C000DF0BF /* PBXContainerItemProxy */ = {
			isa = PBXContainerItemProxy;
			containerPortal = D3BB2CA81B39C24C000DF0BF /* Chipmunk7.xcodeproj */;
			proxyType = 2;
			remoteGlobalIDString = D309B22017EFE2EF00AA52C8;
			remoteInfo = ObjectiveChipmunkTests;
		};
		D3BB2CC11B39C27C000DF0BF /* PBXContainerItemProxy */ = {
			isa = PBXContainerItemProxy;
			containerPortal = D3BB2CA81B39C24C000DF0BF /* Chipmunk7.xcodeproj */;
			proxyType = 1;
			remoteGlobalIDString = D309B21217EFE2EF00AA52C8;
			remoteInfo = "ObjectiveChipmunk-iOS";
		};
/* End PBXContainerItemProxy section */

/* Begin PBXFileReference section */
		D305BF7E15A3439600B98A57 /* SolarSystemDemo.m */ = {isa = PBXFileReference; fileEncoding = 4; lastKnownFileType = sourcecode.c.objc; path = SolarSystemDemo.m; sourceTree = "<group>"; };
		D311930914E23C2600B659B3 /* PlanetDemo.m */ = {isa = PBXFileReference; fileEncoding = 4; lastKnownFileType = sourcecode.c.objc; path = PlanetDemo.m; sourceTree = "<group>"; };
		D311930E14E258A400B659B3 /* PyramidStackDemo.m */ = {isa = PBXFileReference; fileEncoding = 4; lastKnownFileType = sourcecode.c.objc; path = PyramidStackDemo.m; sourceTree = "<group>"; };
		D311931014E258B200B659B3 /* PyramidToppleDemo.m */ = {isa = PBXFileReference; fileEncoding = 4; lastKnownFileType = sourcecode.c.objc; path = PyramidToppleDemo.m; sourceTree = "<group>"; };
		D311931214E25F7700B659B3 /* TheoJansenDemo.m */ = {isa = PBXFileReference; fileEncoding = 4; lastKnownFileType = sourcecode.c.objc; path = TheoJansenDemo.m; sourceTree = "<group>"; };
		D311931414E265C000B659B3 /* BreakableChainsDemo.m */ = {isa = PBXFileReference; fileEncoding = 4; lastKnownFileType = sourcecode.c.objc; path = BreakableChainsDemo.m; sourceTree = "<group>"; };
		D311931614E2699F00B659B3 /* CraneDemo.m */ = {isa = PBXFileReference; fileEncoding = 4; lastKnownFileType = sourcecode.c.objc; path = CraneDemo.m; sourceTree = "<group>"; };
		D311931814E271DD00B659B3 /* TODO */ = {isa = PBXFileReference; lastKnownFileType = text; path = TODO; sourceTree = "<group>"; };
		D321D1D014E8F8C400DE2A53 /* DeformableBitmapDemo.m */ = {isa = PBXFileReference; fileEncoding = 4; lastKnownFileType = sourcecode.c.objc; path = DeformableBitmapDemo.m; sourceTree = "<group>"; };
		D321D1D314E8F9C600DE2A53 /* ImageIO.framework */ = {isa = PBXFileReference; lastKnownFileType = wrapper.framework; name = ImageIO.framework; path = System/Library/Frameworks/ImageIO.framework; sourceTree = SDKROOT; };
		D325955314F4AEAB00CFD00B /* AbsorbDemo.psd */ = {isa = PBXFileReference; lastKnownFileType = file; path = AbsorbDemo.psd; sourceTree = "<group>"; };
		D325959614F5B21C00CFD00B /* InstructionsController.h */ = {isa = PBXFileReference; fileEncoding = 4; lastKnownFileType = sourcecode.c.h; path = InstructionsController.h; sourceTree = "<group>"; };
		D325959714F5B21C00CFD00B /* InstructionsController.m */ = {isa = PBXFileReference; fileEncoding = 4; lastKnownFileType = sourcecode.c.objc; path = InstructionsController.m; sourceTree = "<group>"; };
		D325959814F5B21C00CFD00B /* InstructionsController_iPhone.xib */ = {isa = PBXFileReference; fileEncoding = 4; lastKnownFileType = file.xib; path = InstructionsController_iPhone.xib; sourceTree = "<group>"; };
		D32595A714F5C02D00CFD00B /* instructions.png */ = {isa = PBXFileReference; lastKnownFileType = image.png; path = instructions.png; sourceTree = SOURCE_ROOT; };
		D32595A814F5C02D00CFD00B /* instructions@2x.png */ = {isa = PBXFileReference; lastKnownFileType = image.png; path = "instructions@2x.png"; sourceTree = SOURCE_ROOT; };
		D32595AB14F5C16900CFD00B /* InstructionsController_iPad.xib */ = {isa = PBXFileReference; fileEncoding = 4; lastKnownFileType = file.xib; path = InstructionsController_iPad.xib; sourceTree = "<group>"; };
		D32595AD14F5C37B00CFD00B /* instructions~ipad.png */ = {isa = PBXFileReference; lastKnownFileType = image.png; path = "instructions~ipad.png"; sourceTree = SOURCE_ROOT; };
		D32595AF14F5CA3A00CFD00B /* Default-Landscape~ipad.png */ = {isa = PBXFileReference; lastKnownFileType = image.png; path = "Default-Landscape~ipad.png"; sourceTree = SOURCE_ROOT; };
		D325DB3B1491970D00F1B411 /* QuartzCore.framework */ = {isa = PBXFileReference; lastKnownFileType = wrapper.framework; name = QuartzCore.framework; path = System/Library/Frameworks/QuartzCore.framework; sourceTree = SDKROOT; };
		D3582DEF1490899400AB0C37 /* Accelerometer.h */ = {isa = PBXFileReference; fileEncoding = 4; lastKnownFileType = sourcecode.c.h; path = Accelerometer.h; sourceTree = "<group>"; };
		D3582DF01490899400AB0C37 /* Accelerometer.m */ = {isa = PBXFileReference; fileEncoding = 4; lastKnownFileType = sourcecode.c.objc; path = Accelerometer.m; sourceTree = "<group>"; };
		D358DFB714929B9A00D2EE0D /* ViewController_iPad.xib */ = {isa = PBXFileReference; fileEncoding = 4; lastKnownFileType = file.xib; path = ViewController_iPad.xib; sourceTree = "<group>"; };
		D359FB271495E103001147A9 /* LogoSmashDemo.m */ = {isa = PBXFileReference; fileEncoding = 4; lastKnownFileType = sourcecode.c.objc; path = LogoSmashDemo.m; sourceTree = "<group>"; };
		D360ABF416FD00E000649802 /* RemoteArm.m */ = {isa = PBXFileReference; fileEncoding = 4; lastKnownFileType = sourcecode.c.objc; path = RemoteArm.m; sourceTree = "<group>"; };
		D360AC0416FD23C100649802 /* RemoteArm.psd */ = {isa = PBXFileReference; lastKnownFileType = file; path = RemoteArm.psd; sourceTree = "<group>"; };
		D3921D8A16F56CE000F10915 /* BuoyancyDemo.psd */ = {isa = PBXFileReference; lastKnownFileType = file; path = BuoyancyDemo.psd; sourceTree = "<group>"; };
		D3921D8E16F56F4100F10915 /* StickyDemo.m */ = {isa = PBXFileReference; fileEncoding = 4; lastKnownFileType = sourcecode.c.objc; path = StickyDemo.m; sourceTree = "<group>"; };
		D3921D9316F57D1600F10915 /* StickyDemo.psd */ = {isa = PBXFileReference; lastKnownFileType = file; path = StickyDemo.psd; sourceTree = "<group>"; };
		D396EC461495F6C500B94838 /* MultiGrabDemo.m */ = {isa = PBXFileReference; fileEncoding = 4; lastKnownFileType = sourcecode.c.objc; path = MultiGrabDemo.m; sourceTree = "<group>"; };
		D39C31F9169528C90046340D /* Default-568h.psd */ = {isa = PBXFileReference; lastKnownFileType = file; path = "Default-568h.psd"; sourceTree = SOURCE_ROOT; };
		D39C8CD216F3B1BD00A9F5D7 /* BuoyancyDemo.m */ = {isa = PBXFileReference; fileEncoding = 4; lastKnownFileType = sourcecode.c.objc; path = BuoyancyDemo.m; sourceTree = "<group>"; };
		D3BB2CA81B39C24C000DF0BF /* Chipmunk7.xcodeproj */ = {isa = PBXFileReference; lastKnownFileType = "wrapper.pb-project"; name = Chipmunk7.xcodeproj; path = Chipmunk/xcode/Chipmunk7.xcodeproj; sourceTree = "<group>"; };
		D3C10FB91490944000F00AAE /* ShowcaseDemo.h */ = {isa = PBXFileReference; fileEncoding = 4; lastKnownFileType = sourcecode.c.h; path = ShowcaseDemo.h; sourceTree = "<group>"; };
		D3C10FBA1490944000F00AAE /* ShowcaseDemo.m */ = {isa = PBXFileReference; fileEncoding = 4; lastKnownFileType = sourcecode.c.objc; path = ShowcaseDemo.m; sourceTree = "<group>"; };
		D3C10FD21490ADCE00F00AAE /* PlinkDemo.m */ = {isa = PBXFileReference; fileEncoding = 4; lastKnownFileType = sourcecode.c.objc; path = PlinkDemo.m; sourceTree = "<group>"; };
		D3C4358E1490B15800875EA3 /* TumbleDemo.m */ = {isa = PBXFileReference; fileEncoding = 4; lastKnownFileType = sourcecode.c.objc; path = TumbleDemo.m; sourceTree = "<group>"; };
		D3C435941490C24300875EA3 /* BouncyTerrainDemo.m */ = {isa = PBXFileReference; fileEncoding = 4; lastKnownFileType = sourcecode.c.objc; path = BouncyTerrainDemo.m; sourceTree = "<group>"; };
		D3DFB4A51610FC8B00162F19 /* SolarSystemDemo.psd */ = {isa = PBXFileReference; lastKnownFileType = file; path = SolarSystemDemo.psd; sourceTree = "<group>"; };
		D3EB7A1414F040CE00C1AD84 /* GLView.h */ = {isa = PBXFileReference; fileEncoding = 4; lastKnownFileType = sourcecode.c.h; path = GLView.h; sourceTree = "<group>"; };
		D3EB7A1514F040CE00C1AD84 /* GLView.m */ = {isa = PBXFileReference; fileEncoding = 4; lastKnownFileType = sourcecode.c.objc; path = GLView.m; sourceTree = "<group>"; };
		D3EB7A4214F2383B00C1AD84 /* BouncyTerrainDemo.psd */ = {isa = PBXFileReference; lastKnownFileType = file; path = BouncyTerrainDemo.psd; sourceTree = "<group>"; };
		D3EB7A4314F2383B00C1AD84 /* BreakableChainsDemo.psd */ = {isa = PBXFileReference; lastKnownFileType = file; path = BreakableChainsDemo.psd; sourceTree = "<group>"; };
		D3EB7A4414F2383B00C1AD84 /* CraneDemo.psd */ = {isa = PBXFileReference; lastKnownFileType = file; path = CraneDemo.psd; sourceTree = "<group>"; };
		D3EB7A4614F2383B00C1AD84 /* LogoSmashDemo.psd */ = {isa = PBXFileReference; lastKnownFileType = file; path = LogoSmashDemo.psd; sourceTree = "<group>"; };
		D3EB7A4714F2383B00C1AD84 /* MultiGrabDemo.psd */ = {isa = PBXFileReference; lastKnownFileType = file; path = MultiGrabDemo.psd; sourceTree = "<group>"; };
		D3EB7A4814F2383B00C1AD84 /* PlanetDemo.psd */ = {isa = PBXFileReference; lastKnownFileType = file; path = PlanetDemo.psd; sourceTree = "<group>"; };
		D3EB7A4914F2383B00C1AD84 /* PlinkDemo.psd */ = {isa = PBXFileReference; lastKnownFileType = file; path = PlinkDemo.psd; sourceTree = "<group>"; };
		D3EB7A4A14F2383B00C1AD84 /* PyramidStackDemo.psd */ = {isa = PBXFileReference; lastKnownFileType = file; path = PyramidStackDemo.psd; sourceTree = "<group>"; };
		D3EB7A4B14F2383B00C1AD84 /* PyramidToppleDemo.psd */ = {isa = PBXFileReference; lastKnownFileType = file; path = PyramidToppleDemo.psd; sourceTree = "<group>"; };
		D3EB7A4C14F2383B00C1AD84 /* TheoJansenDemo.psd */ = {isa = PBXFileReference; lastKnownFileType = file; path = TheoJansenDemo.psd; sourceTree = "<group>"; };
		D3EB7A4D14F2383B00C1AD84 /* TumbleDemo.psd */ = {isa = PBXFileReference; lastKnownFileType = file; path = TumbleDemo.psd; sourceTree = "<group>"; };
		D3EB7A5A14F23B3D00C1AD84 /* DeformableBitmapDemo.psd */ = {isa = PBXFileReference; lastKnownFileType = file; path = DeformableBitmapDemo.psd; sourceTree = "<group>"; };
		D3EB7A6014F23E7300C1AD84 /* Icon.psd */ = {isa = PBXFileReference; lastKnownFileType = file; path = Icon.psd; sourceTree = SOURCE_ROOT; };
		D3EB7A6114F23E7300C1AD84 /* Icon~ipad.psd */ = {isa = PBXFileReference; lastKnownFileType = file; path = "Icon~ipad.psd"; sourceTree = SOURCE_ROOT; };
		D3EB7A6B14F24A1600C1AD84 /* Default.psd */ = {isa = PBXFileReference; lastKnownFileType = file; path = Default.psd; sourceTree = SOURCE_ROOT; };
		D3EB7AAA14F2CBEF00C1AD84 /* SpringiesDemo.m */ = {isa = PBXFileReference; fileEncoding = 4; lastKnownFileType = sourcecode.c.objc; path = SpringiesDemo.m; sourceTree = "<group>"; };
		D3EB7AAC14F2DF1F00C1AD84 /* SpringiesDemo.psd */ = {isa = PBXFileReference; lastKnownFileType = file; path = SpringiesDemo.psd; sourceTree = "<group>"; };
		D3EB7AB114F2E69400C1AD84 /* SourceViewController.h */ = {isa = PBXFileReference; fileEncoding = 4; lastKnownFileType = sourcecode.c.h; path = SourceViewController.h; sourceTree = "<group>"; };
		D3EB7AB214F2E69400C1AD84 /* SourceViewController.m */ = {isa = PBXFileReference; fileEncoding = 4; lastKnownFileType = sourcecode.c.objc; path = SourceViewController.m; sourceTree = "<group>"; };
		D3EB7AB314F2E69500C1AD84 /* SourceViewController.xib */ = {isa = PBXFileReference; fileEncoding = 4; lastKnownFileType = file.xib; path = SourceViewController.xib; sourceTree = "<group>"; };
		D3EB7AB714F2F2AA00C1AD84 /* google-code-prettify */ = {isa = PBXFileReference; lastKnownFileType = folder; name = "google-code-prettify"; path = "../google-code-prettify"; sourceTree = "<group>"; };
		D3EB7AB914F2F31200C1AD84 /* Demos */ = {isa = PBXFileReference; lastKnownFileType = folder; path = Demos; sourceTree = "<group>"; };
		D3EB7ABD14F2FA9200C1AD84 /* SourceViewTemplate.html */ = {isa = PBXFileReference; fileEncoding = 4; lastKnownFileType = text.html; path = SourceViewTemplate.html; sourceTree = SOURCE_ROOT; };
		D3EB7B0914F45DED00C1AD84 /* GrabberDemo.m */ = {isa = PBXFileReference; fileEncoding = 4; lastKnownFileType = sourcecode.c.objc; path = GrabberDemo.m; sourceTree = "<group>"; };
		D3EB7B1614F47CEC00C1AD84 /* GrabberDemo.psd */ = {isa = PBXFileReference; lastKnownFileType = file; path = GrabberDemo.psd; sourceTree = "<group>"; };
		D3EB7B1814F4996400C1AD84 /* AbsorbDemo.m */ = {isa = PBXFileReference; fileEncoding = 4; lastKnownFileType = sourcecode.c.objc; path = AbsorbDemo.m; sourceTree = "<group>"; };
		D3FB3956148F353600E0BA9E /* ChipmunkShowcase.app */ = {isa = PBXFileReference; explicitFileType = wrapper.application; includeInIndex = 0; path = ChipmunkShowcase.app; sourceTree = BUILT_PRODUCTS_DIR; };
		D3FB395A148F353600E0BA9E /* UIKit.framework */ = {isa = PBXFileReference; lastKnownFileType = wrapper.framework; name = UIKit.framework; path = System/Library/Frameworks/UIKit.framework; sourceTree = SDKROOT; };
		D3FB395C148F353600E0BA9E /* Foundation.framework */ = {isa = PBXFileReference; lastKnownFileType = wrapper.framework; name = Foundation.framework; path = System/Library/Frameworks/Foundation.framework; sourceTree = SDKROOT; };
		D3FB395E148F353600E0BA9E /* CoreGraphics.framework */ = {isa = PBXFileReference; lastKnownFileType = wrapper.framework; name = CoreGraphics.framework; path = System/Library/Frameworks/CoreGraphics.framework; sourceTree = SDKROOT; };
		D3FB3962148F353600E0BA9E /* OpenGLES.framework */ = {isa = PBXFileReference; lastKnownFileType = wrapper.framework; name = OpenGLES.framework; path = System/Library/Frameworks/OpenGLES.framework; sourceTree = SDKROOT; };
		D3FB3966148F353600E0BA9E /* ChipmunkShowcase-Info.plist */ = {isa = PBXFileReference; lastKnownFileType = text.plist.xml; path = "ChipmunkShowcase-Info.plist"; sourceTree = "<group>"; };
		D3FB3968148F353600E0BA9E /* en */ = {isa = PBXFileReference; lastKnownFileType = text.plist.strings; name = en; path = en.lproj/InfoPlist.strings; sourceTree = "<group>"; };
		D3FB396A148F353600E0BA9E /* main.m */ = {isa = PBXFileReference; lastKnownFileType = sourcecode.c.objc; path = main.m; sourceTree = "<group>"; };
		D3FB396C148F353600E0BA9E /* ChipmunkShowcase-Prefix.pch */ = {isa = PBXFileReference; lastKnownFileType = sourcecode.c.h; path = "ChipmunkShowcase-Prefix.pch"; sourceTree = "<group>"; };
		D3FB396D148F353600E0BA9E /* AppDelegate.h */ = {isa = PBXFileReference; lastKnownFileType = sourcecode.c.h; path = AppDelegate.h; sourceTree = "<group>"; };
		D3FB396E148F353600E0BA9E /* AppDelegate.m */ = {isa = PBXFileReference; lastKnownFileType = sourcecode.c.objc; path = AppDelegate.m; sourceTree = "<group>"; };
		D3FB3970148F353600E0BA9E /* AntialiasedShader.fsh */ = {isa = PBXFileReference; lastKnownFileType = sourcecode.glsl; name = AntialiasedShader.fsh; path = Shaders/AntialiasedShader.fsh; sourceTree = "<group>"; };
		D3FB3972148F353600E0BA9E /* AntialiasedShader.vsh */ = {isa = PBXFileReference; lastKnownFileType = sourcecode.glsl; name = AntialiasedShader.vsh; path = Shaders/AntialiasedShader.vsh; sourceTree = "<group>"; };
		D3FB3974148F353600E0BA9E /* ViewController.h */ = {isa = PBXFileReference; lastKnownFileType = sourcecode.c.h; path = ViewController.h; sourceTree = "<group>"; };
		D3FB3975148F353600E0BA9E /* ViewController.m */ = {isa = PBXFileReference; lastKnownFileType = sourcecode.c.objc; path = ViewController.m; sourceTree = "<group>"; };
		D3FB3978148F353600E0BA9E /* en */ = {isa = PBXFileReference; lastKnownFileType = file.xib; name = en; path = en.lproj/ViewController_iPhone.xib; sourceTree = "<group>"; };
		D3FB39C11490083400E0BA9E /* PolyRenderer.h */ = {isa = PBXFileReference; fileEncoding = 4; lastKnownFileType = sourcecode.c.h; path = PolyRenderer.h; sourceTree = "<group>"; };
		D3FB39C21490083400E0BA9E /* PolyRenderer.m */ = {isa = PBXFileReference; fileEncoding = 4; lastKnownFileType = sourcecode.c.objc; path = PolyRenderer.m; sourceTree = "<group>"; };
/* End PBXFileReference section */

/* Begin PBXFrameworksBuildPhase section */
		D3FB3953148F353600E0BA9E /* Frameworks */ = {
			isa = PBXFrameworksBuildPhase;
			buildActionMask = 2147483647;
			files = (
				D3BB2CC01B39C276000DF0BF /* libObjectiveChipmunk-iOS.a in Frameworks */,
				D321D1D414E8F9C600DE2A53 /* ImageIO.framework in Frameworks */,
				D325DB3C1491970D00F1B411 /* QuartzCore.framework in Frameworks */,
				D3FB395B148F353600E0BA9E /* UIKit.framework in Frameworks */,
				D3FB395D148F353600E0BA9E /* Foundation.framework in Frameworks */,
				D3FB395F148F353600E0BA9E /* CoreGraphics.framework in Frameworks */,
				D3FB3963148F353600E0BA9E /* OpenGLES.framework in Frameworks */,
			);
			runOnlyForDeploymentPostprocessing = 0;
		};
/* End PBXFrameworksBuildPhase section */

/* Begin PBXGroup section */
		D30A7AAC14E8BC5B00C50129 /* Icons */ = {
			isa = PBXGroup;
			children = (
				D360AC0416FD23C100649802 /* RemoteArm.psd */,
				D3921D9316F57D1600F10915 /* StickyDemo.psd */,
				D3921D8A16F56CE000F10915 /* BuoyancyDemo.psd */,
				D3DFB4A51610FC8B00162F19 /* SolarSystemDemo.psd */,
				D325955314F4AEAB00CFD00B /* AbsorbDemo.psd */,
				D3EB7B1614F47CEC00C1AD84 /* GrabberDemo.psd */,
				D3EB7AAC14F2DF1F00C1AD84 /* SpringiesDemo.psd */,
				D3EB7A4214F2383B00C1AD84 /* BouncyTerrainDemo.psd */,
				D3EB7A4314F2383B00C1AD84 /* BreakableChainsDemo.psd */,
				D3EB7A5A14F23B3D00C1AD84 /* DeformableBitmapDemo.psd */,
				D3EB7A4414F2383B00C1AD84 /* CraneDemo.psd */,
				D3EB7A4614F2383B00C1AD84 /* LogoSmashDemo.psd */,
				D3EB7A4714F2383B00C1AD84 /* MultiGrabDemo.psd */,
				D3EB7A4814F2383B00C1AD84 /* PlanetDemo.psd */,
				D3EB7A4914F2383B00C1AD84 /* PlinkDemo.psd */,
				D3EB7A4A14F2383B00C1AD84 /* PyramidStackDemo.psd */,
				D3EB7A4B14F2383B00C1AD84 /* PyramidToppleDemo.psd */,
				D3EB7A4C14F2383B00C1AD84 /* TheoJansenDemo.psd */,
				D3EB7A4D14F2383B00C1AD84 /* TumbleDemo.psd */,
			);
			path = Icons;
			sourceTree = SOURCE_ROOT;
		};
		D3BB2CA91B39C24C000DF0BF /* Products */ = {
			isa = PBXGroup;
			children = (
				D3BB2CB31B39C24C000DF0BF /* ChipmunkDemo.app */,
				D3BB2CB51B39C24C000DF0BF /* libChipmunk-Mac.a */,
				D3BB2CB71B39C24C000DF0BF /* libChipmunk-iOS.a */,
				D3BB2CB91B39C24C000DF0BF /* Benchmark iPhone.app */,
				D3BB2CBB1B39C24C000DF0BF /* libObjectiveChipmunk-Mac.a */,
				D3BB2CBD1B39C24C000DF0BF /* libObjectiveChipmunk-iOS.a */,
				D3BB2CBF1B39C24C000DF0BF /* ObjectiveChipmunkTests.xctest */,
			);
			name = Products;
			sourceTree = "<group>";
		};
		D3C10FBC149097DD00F00AAE /* PolyRenderer */ = {
			isa = PBXGroup;
			children = (
				D3FB39C11490083400E0BA9E /* PolyRenderer.h */,
				D3FB39C21490083400E0BA9E /* PolyRenderer.m */,
				D3FB3972148F353600E0BA9E /* AntialiasedShader.vsh */,
				D3FB3970148F353600E0BA9E /* AntialiasedShader.fsh */,
			);
			name = PolyRenderer;
			sourceTree = "<group>";
		};
		D3C10FBD149097F700F00AAE /* Misc */ = {
			isa = PBXGroup;
			children = (
				D3582DEF1490899400AB0C37 /* Accelerometer.h */,
				D3582DF01490899400AB0C37 /* Accelerometer.m */,
			);
			name = Misc;
			sourceTree = "<group>";
		};
		D3C10FD41490ADD500F00AAE /* Demos */ = {
			isa = PBXGroup;
			children = (
				D3EB7B1814F4996400C1AD84 /* AbsorbDemo.m */,
				D3EB7B0914F45DED00C1AD84 /* GrabberDemo.m */,
				D3EB7AAA14F2CBEF00C1AD84 /* SpringiesDemo.m */,
				D321D1D014E8F8C400DE2A53 /* DeformableBitmapDemo.m */,
				D311931614E2699F00B659B3 /* CraneDemo.m */,
				D311931414E265C000B659B3 /* BreakableChainsDemo.m */,
				D311931214E25F7700B659B3 /* TheoJansenDemo.m */,
				D311931014E258B200B659B3 /* PyramidToppleDemo.m */,
				D311930E14E258A400B659B3 /* PyramidStackDemo.m */,
				D311930914E23C2600B659B3 /* PlanetDemo.m */,
				D305BF7E15A3439600B98A57 /* SolarSystemDemo.m */,
				D359FB271495E103001147A9 /* LogoSmashDemo.m */,
				D3C10FD21490ADCE00F00AAE /* PlinkDemo.m */,
				D3C4358E1490B15800875EA3 /* TumbleDemo.m */,
				D3C435941490C24300875EA3 /* BouncyTerrainDemo.m */,
				D396EC461495F6C500B94838 /* MultiGrabDemo.m */,
				D39C8CD216F3B1BD00A9F5D7 /* BuoyancyDemo.m */,
				D3921D8E16F56F4100F10915 /* StickyDemo.m */,
				D360ABF416FD00E000649802 /* RemoteArm.m */,
			);
			path = Demos;
			sourceTree = "<group>";
		};
		D3FB394B148F353600E0BA9E = {
			isa = PBXGroup;
			children = (
				D3BB2CA81B39C24C000DF0BF /* Chipmunk7.xcodeproj */,
				D311931814E271DD00B659B3 /* TODO */,
				D3FB3964148F353600E0BA9E /* Showcase */,
				D3FB3965148F353600E0BA9E /* Supporting Files */,
				D3FB3959148F353600E0BA9E /* Frameworks */,
				D3FB3957148F353600E0BA9E /* Products */,
			);
			sourceTree = "<group>";
		};
		D3FB3957148F353600E0BA9E /* Products */ = {
			isa = PBXGroup;
			children = (
				D3FB3956148F353600E0BA9E /* ChipmunkShowcase.app */,
			);
			name = Products;
			sourceTree = "<group>";
		};
		D3FB3959148F353600E0BA9E /* Frameworks */ = {
			isa = PBXGroup;
			children = (
				D321D1D314E8F9C600DE2A53 /* ImageIO.framework */,
				D325DB3B1491970D00F1B411 /* QuartzCore.framework */,
				D3FB395A148F353600E0BA9E /* UIKit.framework */,
				D3FB395C148F353600E0BA9E /* Foundation.framework */,
				D3FB395E148F353600E0BA9E /* CoreGraphics.framework */,
				D3FB3962148F353600E0BA9E /* OpenGLES.framework */,
			);
			name = Frameworks;
			sourceTree = "<group>";
		};
		D3FB3964148F353600E0BA9E /* Showcase */ = {
			isa = PBXGroup;
			children = (
				D3FB396D148F353600E0BA9E /* AppDelegate.h */,
				D3FB396E148F353600E0BA9E /* AppDelegate.m */,
				D325959614F5B21C00CFD00B /* InstructionsController.h */,
				D325959714F5B21C00CFD00B /* InstructionsController.m */,
				D3EB7A1414F040CE00C1AD84 /* GLView.h */,
				D3EB7A1514F040CE00C1AD84 /* GLView.m */,
				D3EB7AB114F2E69400C1AD84 /* SourceViewController.h */,
				D3EB7AB214F2E69400C1AD84 /* SourceViewController.m */,
				D3FB3974148F353600E0BA9E /* ViewController.h */,
				D3FB3975148F353600E0BA9E /* ViewController.m */,
				D3C10FB91490944000F00AAE /* ShowcaseDemo.h */,
				D3C10FBA1490944000F00AAE /* ShowcaseDemo.m */,
				D3C10FD41490ADD500F00AAE /* Demos */,
				D3C10FBC149097DD00F00AAE /* PolyRenderer */,
				D3C10FBD149097F700F00AAE /* Misc */,
			);
			path = Showcase;
			sourceTree = "<group>";
		};
		D3FB3965148F353600E0BA9E /* Supporting Files */ = {
			isa = PBXGroup;
			children = (
				D32595A714F5C02D00CFD00B /* instructions.png */,
				D32595A814F5C02D00CFD00B /* instructions@2x.png */,
				D32595AD14F5C37B00CFD00B /* instructions~ipad.png */,
				D30A7AAC14E8BC5B00C50129 /* Icons */,
				D3EB7AB714F2F2AA00C1AD84 /* google-code-prettify */,
				D3EB7AB914F2F31200C1AD84 /* Demos */,
				D3EB7ABD14F2FA9200C1AD84 /* SourceViewTemplate.html */,
				D3EB7A6014F23E7300C1AD84 /* Icon.psd */,
				D3EB7A6114F23E7300C1AD84 /* Icon~ipad.psd */,
				D3EB7A6B14F24A1600C1AD84 /* Default.psd */,
				D39C31F9169528C90046340D /* Default-568h.psd */,
				D32595AF14F5CA3A00CFD00B /* Default-Landscape~ipad.png */,
				D3FB3977148F353600E0BA9E /* ViewController_iPhone.xib */,
				D358DFB714929B9A00D2EE0D /* ViewController_iPad.xib */,
				D325959814F5B21C00CFD00B /* InstructionsController_iPhone.xib */,
				D32595AB14F5C16900CFD00B /* InstructionsController_iPad.xib */,
				D3EB7AB314F2E69500C1AD84 /* SourceViewController.xib */,
				D3FB3966148F353600E0BA9E /* ChipmunkShowcase-Info.plist */,
				D3FB3967148F353600E0BA9E /* InfoPlist.strings */,
				D3FB396A148F353600E0BA9E /* main.m */,
				D3FB396C148F353600E0BA9E /* ChipmunkShowcase-Prefix.pch */,
			);
			name = "Supporting Files";
			path = Showcase;
			sourceTree = "<group>";
		};
/* End PBXGroup section */

/* Begin PBXNativeTarget section */
		D3FB3955148F353600E0BA9E /* ChipmunkShowcase */ = {
			isa = PBXNativeTarget;
			buildConfigurationList = D3FB397F148F353600E0BA9E /* Build configuration list for PBXNativeTarget "ChipmunkShowcase" */;
			buildPhases = (
				D3FB3952148F353600E0BA9E /* Sources */,
				D3FB3953148F353600E0BA9E /* Frameworks */,
				D3FB3954148F353600E0BA9E /* Resources */,
			);
			buildRules = (
				D3EB7A3C14F2353000C1AD84 /* PBXBuildRule */,
			);
			dependencies = (
				D3BB2CC21B39C27C000DF0BF /* PBXTargetDependency */,
			);
			name = ChipmunkShowcase;
			productName = "ChipmunkPro MegaDemo";
			productReference = D3FB3956148F353600E0BA9E /* ChipmunkShowcase.app */;
			productType = "com.apple.product-type.application";
		};
/* End PBXNativeTarget section */

/* Begin PBXProject section */
		D3FB394D148F353600E0BA9E /* Project object */ = {
			isa = PBXProject;
			attributes = {
				LastUpgradeCheck = 0710;
				TargetAttributes = {
					D3FB3955148F353600E0BA9E = {
						DevelopmentTeam = 96LKF67VJA;
					};
				};
			};
			buildConfigurationList = D3FB3950148F353600E0BA9E /* Build configuration list for PBXProject "ChipmunkShowcase" */;
			compatibilityVersion = "Xcode 3.2";
			developmentRegion = English;
			hasScannedForEncodings = 0;
			knownRegions = (
				en,
			);
			mainGroup = D3FB394B148F353600E0BA9E;
			productRefGroup = D3FB3957148F353600E0BA9E /* Products */;
			projectDirPath = "";
			projectReferences = (
				{
					ProductGroup = D3BB2CA91B39C24C000DF0BF /* Products */;
					ProjectRef = D3BB2CA81B39C24C000DF0BF /* Chipmunk7.xcodeproj */;
				},
			);
			projectRoot = "";
			targets = (
				D3FB3955148F353600E0BA9E /* ChipmunkShowcase */,
			);
		};
/* End PBXProject section */

/* Begin PBXReferenceProxy section */
		D3BB2CB31B39C24C000DF0BF /* ChipmunkDemo.app */ = {
			isa = PBXReferenceProxy;
			fileType = wrapper.application;
			path = ChipmunkDemo.app;
			remoteRef = D3BB2CB21B39C24C000DF0BF /* PBXContainerItemProxy */;
			sourceTree = BUILT_PRODUCTS_DIR;
		};
		D3BB2CB51B39C24C000DF0BF /* libChipmunk-Mac.a */ = {
			isa = PBXReferenceProxy;
			fileType = archive.ar;
			path = "libChipmunk-Mac.a";
			remoteRef = D3BB2CB41B39C24C000DF0BF /* PBXContainerItemProxy */;
			sourceTree = BUILT_PRODUCTS_DIR;
		};
		D3BB2CB71B39C24C000DF0BF /* libChipmunk-iOS.a */ = {
			isa = PBXReferenceProxy;
			fileType = archive.ar;
			path = "libChipmunk-iOS.a";
			remoteRef = D3BB2CB61B39C24C000DF0BF /* PBXContainerItemProxy */;
			sourceTree = BUILT_PRODUCTS_DIR;
		};
		D3BB2CB91B39C24C000DF0BF /* Benchmark iPhone.app */ = {
			isa = PBXReferenceProxy;
			fileType = wrapper.application;
			path = "Benchmark iPhone.app";
			remoteRef = D3BB2CB81B39C24C000DF0BF /* PBXContainerItemProxy */;
			sourceTree = BUILT_PRODUCTS_DIR;
		};
		D3BB2CBB1B39C24C000DF0BF /* libObjectiveChipmunk-Mac.a */ = {
			isa = PBXReferenceProxy;
			fileType = archive.ar;
			path = "libObjectiveChipmunk-Mac.a";
			remoteRef = D3BB2CBA1B39C24C000DF0BF /* PBXContainerItemProxy */;
			sourceTree = BUILT_PRODUCTS_DIR;
		};
		D3BB2CBD1B39C24C000DF0BF /* libObjectiveChipmunk-iOS.a */ = {
			isa = PBXReferenceProxy;
			fileType = archive.ar;
			path = "libObjectiveChipmunk-iOS.a";
			remoteRef = D3BB2CBC1B39C24C000DF0BF /* PBXContainerItemProxy */;
			sourceTree = BUILT_PRODUCTS_DIR;
		};
		D3BB2CBF1B39C24C000DF0BF /* ObjectiveChipmunkTests.xctest */ = {
			isa = PBXReferenceProxy;
			fileType = wrapper.cfbundle;
			path = ObjectiveChipmunkTests.xctest;
			remoteRef = D3BB2CBE1B39C24C000DF0BF /* PBXContainerItemProxy */;
			sourceTree = BUILT_PRODUCTS_DIR;
		};
/* End PBXReferenceProxy section */

/* Begin PBXResourcesBuildPhase section */
		D3FB3954148F353600E0BA9E /* Resources */ = {
			isa = PBXResourcesBuildPhase;
			buildActionMask = 2147483647;
			files = (
				D3FB3969148F353600E0BA9E /* InfoPlist.strings in Resources */,
				D3FB3971148F353600E0BA9E /* AntialiasedShader.fsh in Resources */,
				D3FB3973148F353600E0BA9E /* AntialiasedShader.vsh in Resources */,
				D3FB3979148F353600E0BA9E /* ViewController_iPhone.xib in Resources */,
				D358DFB814929B9A00D2EE0D /* ViewController_iPad.xib in Resources */,
				D3EB7A4E14F2383B00C1AD84 /* BouncyTerrainDemo.psd in Resources */,
				D3EB7A4F14F2383B00C1AD84 /* BreakableChainsDemo.psd in Resources */,
				D3EB7A5014F2383B00C1AD84 /* CraneDemo.psd in Resources */,
				D3EB7A5214F2383B00C1AD84 /* LogoSmashDemo.psd in Resources */,
				D3EB7A5314F2383B00C1AD84 /* MultiGrabDemo.psd in Resources */,
				D3EB7A5414F2383B00C1AD84 /* PlanetDemo.psd in Resources */,
				D3EB7A5514F2383B00C1AD84 /* PlinkDemo.psd in Resources */,
				D3EB7A5614F2383B00C1AD84 /* PyramidStackDemo.psd in Resources */,
				D3EB7A5714F2383B00C1AD84 /* PyramidToppleDemo.psd in Resources */,
				D3EB7A5814F2383B00C1AD84 /* TheoJansenDemo.psd in Resources */,
				D3EB7A5914F2383B00C1AD84 /* TumbleDemo.psd in Resources */,
				D3EB7A5B14F23B3D00C1AD84 /* DeformableBitmapDemo.psd in Resources */,
				D3EB7A6314F23E7300C1AD84 /* Icon.psd in Resources */,
				D3EB7A6414F23E7300C1AD84 /* Icon~ipad.psd in Resources */,
				D3DFB4A01610FAE900162F19 /* Default-Landscape~ipad.png in Resources */,
				D3EB7A6C14F24A1600C1AD84 /* Default.psd in Resources */,
				D3EB7AAD14F2DF1F00C1AD84 /* SpringiesDemo.psd in Resources */,
				D3EB7AB514F2E69500C1AD84 /* SourceViewController.xib in Resources */,
				D3EB7AB814F2F2AA00C1AD84 /* google-code-prettify in Resources */,
				D3EB7ABA14F2F31200C1AD84 /* Demos in Resources */,
				D3EB7ABE14F2FA9300C1AD84 /* SourceViewTemplate.html in Resources */,
				D3EB7B1714F47CEC00C1AD84 /* GrabberDemo.psd in Resources */,
				D325955414F4AEAB00CFD00B /* AbsorbDemo.psd in Resources */,
				D325959A14F5B21C00CFD00B /* InstructionsController_iPhone.xib in Resources */,
				D32595A914F5C02D00CFD00B /* instructions.png in Resources */,
				D32595AA14F5C02D00CFD00B /* instructions@2x.png in Resources */,
				D32595AC14F5C16900CFD00B /* InstructionsController_iPad.xib in Resources */,
				D32595AE14F5C37B00CFD00B /* instructions~ipad.png in Resources */,
				D3DFB4A61610FC8B00162F19 /* SolarSystemDemo.psd in Resources */,
				D39C31FA169528C90046340D /* Default-568h.psd in Resources */,
				D3921D8B16F56CE000F10915 /* BuoyancyDemo.psd in Resources */,
				D3921D9416F57D1600F10915 /* StickyDemo.psd in Resources */,
				D360AC0516FD23C100649802 /* RemoteArm.psd in Resources */,
			);
			runOnlyForDeploymentPostprocessing = 0;
		};
/* End PBXResourcesBuildPhase section */

/* Begin PBXSourcesBuildPhase section */
		D3FB3952148F353600E0BA9E /* Sources */ = {
			isa = PBXSourcesBuildPhase;
			buildActionMask = 2147483647;
			files = (
				D396EC441495E52000B94838 /* LogoSmashDemo.m in Sources */,
				D3FB396B148F353600E0BA9E /* main.m in Sources */,
				D3FB396F148F353600E0BA9E /* AppDelegate.m in Sources */,
				D3FB3976148F353600E0BA9E /* ViewController.m in Sources */,
				D3FB39C31490083400E0BA9E /* PolyRenderer.m in Sources */,
				D3582DF11490899400AB0C37 /* Accelerometer.m in Sources */,
				D3C10FBB1490944000F00AAE /* ShowcaseDemo.m in Sources */,
				D3C10FD31490ADCE00F00AAE /* PlinkDemo.m in Sources */,
				D3C4358F1490B15800875EA3 /* TumbleDemo.m in Sources */,
				D3C435951490C24300875EA3 /* BouncyTerrainDemo.m in Sources */,
				D396EC471495F6C500B94838 /* MultiGrabDemo.m in Sources */,
				D311930A14E23C2600B659B3 /* PlanetDemo.m in Sources */,
				D311930F14E258A400B659B3 /* PyramidStackDemo.m in Sources */,
				D311931114E258B200B659B3 /* PyramidToppleDemo.m in Sources */,
				D311931314E25F7800B659B3 /* TheoJansenDemo.m in Sources */,
				D311931514E265C000B659B3 /* BreakableChainsDemo.m in Sources */,
				D311931714E2699F00B659B3 /* CraneDemo.m in Sources */,
				D321D1D114E8F8C400DE2A53 /* DeformableBitmapDemo.m in Sources */,
				D3EB7A1614F040CE00C1AD84 /* GLView.m in Sources */,
				D3EB7AAB14F2CBF000C1AD84 /* SpringiesDemo.m in Sources */,
				D3EB7AB414F2E69500C1AD84 /* SourceViewController.m in Sources */,
				D3EB7B0A14F45DED00C1AD84 /* GrabberDemo.m in Sources */,
				D3EB7B1914F4996600C1AD84 /* AbsorbDemo.m in Sources */,
				D325959914F5B21C00CFD00B /* InstructionsController.m in Sources */,
				D305BF7F15A3439600B98A57 /* SolarSystemDemo.m in Sources */,
				D39C8CD316F3B1BD00A9F5D7 /* BuoyancyDemo.m in Sources */,
				D3921D8F16F56F4100F10915 /* StickyDemo.m in Sources */,
				D360ABF516FD00E000649802 /* RemoteArm.m in Sources */,
			);
			runOnlyForDeploymentPostprocessing = 0;
		};
/* End PBXSourcesBuildPhase section */

/* Begin PBXTargetDependency section */
		D3BB2CC21B39C27C000DF0BF /* PBXTargetDependency */ = {
			isa = PBXTargetDependency;
			name = "ObjectiveChipmunk-iOS";
			targetProxy = D3BB2CC11B39C27C000DF0BF /* PBXContainerItemProxy */;
		};
/* End PBXTargetDependency section */

/* Begin PBXVariantGroup section */
		D3FB3967148F353600E0BA9E /* InfoPlist.strings */ = {
			isa = PBXVariantGroup;
			children = (
				D3FB3968148F353600E0BA9E /* en */,
			);
			name = InfoPlist.strings;
			sourceTree = "<group>";
		};
		D3FB3977148F353600E0BA9E /* ViewController_iPhone.xib */ = {
			isa = PBXVariantGroup;
			children = (
				D3FB3978148F353600E0BA9E /* en */,
			);
			name = ViewController_iPhone.xib;
			sourceTree = "<group>";
		};
/* End PBXVariantGroup section */

/* Begin XCBuildConfiguration section */
		D3FB397D148F353600E0BA9E /* Debug */ = {
			isa = XCBuildConfiguration;
			buildSettings = {
				ALWAYS_SEARCH_USER_PATHS = NO;
				CLANG_ENABLE_OBJC_ARC = YES;
				CLANG_WARN_BOOL_CONVERSION = YES;
				CLANG_WARN_CONSTANT_CONVERSION = YES;
				CLANG_WARN_EMPTY_BODY = YES;
				CLANG_WARN_ENUM_CONVERSION = YES;
				CLANG_WARN_INT_CONVERSION = YES;
				CLANG_WARN_UNREACHABLE_CODE = YES;
				CLANG_WARN__DUPLICATE_METHOD_MATCH = YES;
				CODE_SIGN_IDENTITY = "iPhone Developer";
				"CODE_SIGN_IDENTITY[sdk=iphoneos*]" = "iPhone Developer";
				COPY_PHASE_STRIP = NO;
				ENABLE_STRICT_OBJC_MSGSEND = YES;
				ENABLE_TESTABILITY = YES;
				GCC_C_LANGUAGE_STANDARD = gnu99;
				GCC_DYNAMIC_NO_PIC = NO;
				GCC_NO_COMMON_BLOCKS = YES;
				GCC_OPTIMIZATION_LEVEL = 0;
				GCC_PREPROCESSOR_DEFINITIONS = (
					"DEBUG=1",
					"$(inherited)",
				);
				GCC_SYMBOLS_PRIVATE_EXTERN = NO;
				GCC_VERSION = com.apple.compilers.llvm.clang.1_0;
				GCC_WARN_64_TO_32_BIT_CONVERSION = YES;
				GCC_WARN_ABOUT_MISSING_PROTOTYPES = YES;
				GCC_WARN_ABOUT_RETURN_TYPE = YES;
				GCC_WARN_UNDECLARED_SELECTOR = YES;
				GCC_WARN_UNINITIALIZED_AUTOS = YES;
				GCC_WARN_UNUSED_FUNCTION = YES;
				GCC_WARN_UNUSED_VARIABLE = YES;
				IPHONEOS_DEPLOYMENT_TARGET = 8.0;
				ONLY_ACTIVE_ARCH = YES;
				PROVISIONING_PROFILE = "";
				SDKROOT = iphoneos;
				TARGETED_DEVICE_FAMILY = "1,2";
			};
			name = Debug;
		};
		D3FB397E148F353600E0BA9E /* Release */ = {
			isa = XCBuildConfiguration;
			buildSettings = {
				ALWAYS_SEARCH_USER_PATHS = NO;
				CLANG_ENABLE_OBJC_ARC = YES;
				CLANG_WARN_BOOL_CONVERSION = YES;
				CLANG_WARN_CONSTANT_CONVERSION = YES;
				CLANG_WARN_EMPTY_BODY = YES;
				CLANG_WARN_ENUM_CONVERSION = YES;
				CLANG_WARN_INT_CONVERSION = YES;
				CLANG_WARN_UNREACHABLE_CODE = YES;
				CLANG_WARN__DUPLICATE_METHOD_MATCH = YES;
				CODE_SIGN_IDENTITY = "iPhone Developer";
				"CODE_SIGN_IDENTITY[sdk=iphoneos*]" = "iPhone Developer";
				COPY_PHASE_STRIP = YES;
				ENABLE_STRICT_OBJC_MSGSEND = YES;
				GCC_C_LANGUAGE_STANDARD = gnu99;
				GCC_NO_COMMON_BLOCKS = YES;
				GCC_VERSION = com.apple.compilers.llvm.clang.1_0;
				GCC_WARN_64_TO_32_BIT_CONVERSION = YES;
				GCC_WARN_ABOUT_MISSING_PROTOTYPES = YES;
				GCC_WARN_ABOUT_RETURN_TYPE = YES;
				GCC_WARN_UNDECLARED_SELECTOR = YES;
				GCC_WARN_UNINITIALIZED_AUTOS = YES;
				GCC_WARN_UNUSED_FUNCTION = YES;
				GCC_WARN_UNUSED_VARIABLE = YES;
				IPHONEOS_DEPLOYMENT_TARGET = 8.0;
				OTHER_CFLAGS = "-DNS_BLOCK_ASSERTIONS=1";
				PROVISIONING_PROFILE = "";
				SDKROOT = iphoneos;
				TARGETED_DEVICE_FAMILY = "1,2";
				VALIDATE_PRODUCT = YES;
			};
			name = Release;
		};
		D3FB3980148F353600E0BA9E /* Debug */ = {
			isa = XCBuildConfiguration;
			buildSettings = {
				CODE_SIGN_IDENTITY = "iPhone Developer";
				"CODE_SIGN_IDENTITY[sdk=iphoneos*]" = "iPhone Developer";
				GCC_PRECOMPILE_PREFIX_HEADER = YES;
				GCC_PREFIX_HEADER = "Showcase/ChipmunkShowcase-Prefix.pch";
				"GCC_THUMB_SUPPORT[arch=armv6]" = "";
				HEADER_SEARCH_PATHS = (
					"$(inherited)",
					/Applications/Xcode.app/Contents/Developer/Toolchains/XcodeDefault.xctoolchain/usr/include,
					"\"$(SRCROOT)/Chipmunk/objectivec/include\"",
					"\"$(SRCROOT)/Chipmunk/include\"",
				);
				INFOPLIST_FILE = "Showcase/ChipmunkShowcase-Info.plist";
				PRODUCT_BUNDLE_IDENTIFIER = com.howlingmoonsoftware.ChipmunkPro;
				PRODUCT_NAME = "$(TARGET_NAME)";
				PROVISIONING_PROFILE = "";
				WRAPPER_EXTENSION = app;
			};
			name = Debug;
		};
		D3FB3981148F353600E0BA9E /* Release */ = {
			isa = XCBuildConfiguration;
			buildSettings = {
				CODE_SIGN_IDENTITY = "iPhone Developer";
				"CODE_SIGN_IDENTITY[sdk=iphoneos*]" = "iPhone Developer";
				GCC_PRECOMPILE_PREFIX_HEADER = YES;
				GCC_PREFIX_HEADER = "Showcase/ChipmunkShowcase-Prefix.pch";
				"GCC_THUMB_SUPPORT[arch=armv6]" = "";
				HEADER_SEARCH_PATHS = (
					"$(inherited)",
					/Applications/Xcode.app/Contents/Developer/Toolchains/XcodeDefault.xctoolchain/usr/include,
					"\"$(SRCROOT)/Chipmunk/objectivec/include\"",
					"\"$(SRCROOT)/Chipmunk/include\"",
				);
				INFOPLIST_FILE = "Showcase/ChipmunkShowcase-Info.plist";
				PRODUCT_BUNDLE_IDENTIFIER = com.howlingmoonsoftware.ChipmunkPro;
				PRODUCT_NAME = "$(TARGET_NAME)";
				PROVISIONING_PROFILE = "";
				WRAPPER_EXTENSION = app;
			};
			name = Release;
		};
/* End XCBuildConfiguration section */

/* Begin XCConfigurationList section */
		D3FB3950148F353600E0BA9E /* Build configuration list for PBXProject "ChipmunkShowcase" */ = {
			isa = XCConfigurationList;
			buildConfigurations = (
				D3FB397D148F353600E0BA9E /* Debug */,
				D3FB397E148F353600E0BA9E /* Release */,
			);
			defaultConfigurationIsVisible = 0;
			defaultConfigurationName = Release;
		};
		D3FB397F148F353600E0BA9E /* Build configuration list for PBXNativeTarget "ChipmunkShowcase" */ = {
			isa = XCConfigurationList;
			buildConfigurations = (
				D3FB3980148F353600E0BA9E /* Debug */,
				D3FB3981148F353600E0BA9E /* Release */,
			);
			defaultConfigurationIsVisible = 0;
			defaultConfigurationName = Release;
		};
/* End XCConfigurationList section */
	};
	rootObject = D3FB394D148F353600E0BA9E /* Project object */;
}
